// !$*UTF8*$!
{
	archiveVersion = 1;
	classes = {
	};
	objectVersion = 56;
	objects = {

/* Begin PBXBuildFile section */
		917BD070297EB49100F57E6D /* PlankPoseDetectorApp.swift in Sources */ = {isa = PBXBuildFile; fileRef = 917BD06F297EB49100F57E6D /* PlankPoseDetectorApp.swift */; };
		917BD074297EB49200F57E6D /* Assets.xcassets in Resources */ = {isa = PBXBuildFile; fileRef = 917BD073297EB49200F57E6D /* Assets.xcassets */; };
		917BD077297EB49200F57E6D /* Preview Assets.xcassets in Resources */ = {isa = PBXBuildFile; fileRef = 917BD076297EB49200F57E6D /* Preview Assets.xcassets */; };
		91A52F54297EEB31007857CE /* ComposableArchitecture in Frameworks */ = {isa = PBXBuildFile; productRef = 91A52F53297EEB31007857CE /* ComposableArchitecture */; };
		91A52F59297EEBE8007857CE /* AppFeature.swift in Sources */ = {isa = PBXBuildFile; fileRef = 91A52F58297EEBE8007857CE /* AppFeature.swift */; };
		91A52F5D297EECEC007857CE /* SettingsFeature.swift in Sources */ = {isa = PBXBuildFile; fileRef = 91A52F5C297EECEC007857CE /* SettingsFeature.swift */; };
		91A52F5F297EED96007857CE /* WorkoutFeature.swift in Sources */ = {isa = PBXBuildFile; fileRef = 91A52F5E297EED96007857CE /* WorkoutFeature.swift */; };
		91A52F63297EEEE4007857CE /* MainView.swift in Sources */ = {isa = PBXBuildFile; fileRef = 91A52F62297EEEE4007857CE /* MainView.swift */; };
		91A52F66297EEF1A007857CE /* MainView_Preview.swift in Sources */ = {isa = PBXBuildFile; fileRef = 91A52F65297EEF1A007857CE /* MainView_Preview.swift */; };
		91A52F69297EF253007857CE /* MainViewTabEnum.swift in Sources */ = {isa = PBXBuildFile; fileRef = 91A52F68297EF253007857CE /* MainViewTabEnum.swift */; };
		91A52F6D297EF4C3007857CE /* WorkoutView.swift in Sources */ = {isa = PBXBuildFile; fileRef = 91A52F6C297EF4C3007857CE /* WorkoutView.swift */; };
		91A52F6F297EF4D5007857CE /* SettingsView.swift in Sources */ = {isa = PBXBuildFile; fileRef = 91A52F6E297EF4D5007857CE /* SettingsView.swift */; };
		91A52F73297EFA1F007857CE /* PoseDetector.swift in Sources */ = {isa = PBXBuildFile; fileRef = 91A52F72297EFA1F007857CE /* PoseDetector.swift */; };
		91A52F75297EFA34007857CE /* VisionPoseDetection.swift in Sources */ = {isa = PBXBuildFile; fileRef = 91A52F74297EFA34007857CE /* VisionPoseDetection.swift */; };
		91A52F78297EFBB1007857CE /* example.jpg in Resources */ = {isa = PBXBuildFile; fileRef = 91A52F77297EFBB1007857CE /* example.jpg */; };
/* End PBXBuildFile section */

/* Begin PBXFileReference section */
		917BD06C297EB49100F57E6D /* PlankPoseDetector.app */ = {isa = PBXFileReference; explicitFileType = wrapper.application; includeInIndex = 0; path = PlankPoseDetector.app; sourceTree = BUILT_PRODUCTS_DIR; };
		917BD06F297EB49100F57E6D /* PlankPoseDetectorApp.swift */ = {isa = PBXFileReference; lastKnownFileType = sourcecode.swift; path = PlankPoseDetectorApp.swift; sourceTree = "<group>"; };
		917BD073297EB49200F57E6D /* Assets.xcassets */ = {isa = PBXFileReference; lastKnownFileType = folder.assetcatalog; path = Assets.xcassets; sourceTree = "<group>"; };
		917BD076297EB49200F57E6D /* Preview Assets.xcassets */ = {isa = PBXFileReference; lastKnownFileType = folder.assetcatalog; path = "Preview Assets.xcassets"; sourceTree = "<group>"; };
		91A52F58297EEBE8007857CE /* AppFeature.swift */ = {isa = PBXFileReference; lastKnownFileType = sourcecode.swift; path = AppFeature.swift; sourceTree = "<group>"; };
		91A52F5C297EECEC007857CE /* SettingsFeature.swift */ = {isa = PBXFileReference; lastKnownFileType = sourcecode.swift; path = SettingsFeature.swift; sourceTree = "<group>"; };
		91A52F5E297EED96007857CE /* WorkoutFeature.swift */ = {isa = PBXFileReference; lastKnownFileType = sourcecode.swift; path = WorkoutFeature.swift; sourceTree = "<group>"; };
		91A52F62297EEEE4007857CE /* MainView.swift */ = {isa = PBXFileReference; lastKnownFileType = sourcecode.swift; path = MainView.swift; sourceTree = "<group>"; };
		91A52F65297EEF1A007857CE /* MainView_Preview.swift */ = {isa = PBXFileReference; lastKnownFileType = sourcecode.swift; path = MainView_Preview.swift; sourceTree = "<group>"; };
		91A52F68297EF253007857CE /* MainViewTabEnum.swift */ = {isa = PBXFileReference; lastKnownFileType = sourcecode.swift; path = MainViewTabEnum.swift; sourceTree = "<group>"; };
		91A52F6C297EF4C3007857CE /* WorkoutView.swift */ = {isa = PBXFileReference; lastKnownFileType = sourcecode.swift; path = WorkoutView.swift; sourceTree = "<group>"; };
		91A52F6E297EF4D5007857CE /* SettingsView.swift */ = {isa = PBXFileReference; lastKnownFileType = sourcecode.swift; path = SettingsView.swift; sourceTree = "<group>"; };
		91A52F72297EFA1F007857CE /* PoseDetector.swift */ = {isa = PBXFileReference; lastKnownFileType = sourcecode.swift; path = PoseDetector.swift; sourceTree = "<group>"; };
		91A52F74297EFA34007857CE /* VisionPoseDetection.swift */ = {isa = PBXFileReference; lastKnownFileType = sourcecode.swift; path = VisionPoseDetection.swift; sourceTree = "<group>"; };
		91A52F77297EFBB1007857CE /* example.jpg */ = {isa = PBXFileReference; lastKnownFileType = image.jpeg; path = example.jpg; sourceTree = "<group>"; };
/* End PBXFileReference section */

/* Begin PBXFrameworksBuildPhase section */
		917BD069297EB49100F57E6D /* Frameworks */ = {
			isa = PBXFrameworksBuildPhase;
			buildActionMask = 2147483647;
			files = (
				91A52F54297EEB31007857CE /* ComposableArchitecture in Frameworks */,
			);
			runOnlyForDeploymentPostprocessing = 0;
		};
/* End PBXFrameworksBuildPhase section */

/* Begin PBXGroup section */
		917BD063297EB49100F57E6D = {
			isa = PBXGroup;
			children = (
				917BD06E297EB49100F57E6D /* PlankPoseDetector */,
				917BD06D297EB49100F57E6D /* Products */,
			);
			sourceTree = "<group>";
		};
		917BD06D297EB49100F57E6D /* Products */ = {
			isa = PBXGroup;
			children = (
				917BD06C297EB49100F57E6D /* PlankPoseDetector.app */,
			);
			name = Products;
			sourceTree = "<group>";
		};
		917BD06E297EB49100F57E6D /* PlankPoseDetector */ = {
			isa = PBXGroup;
			children = (
				91A52F76297EFBB1007857CE /* SupportingFiles */,
				91A52F70297EFA03007857CE /* Services */,
				91A52F55297EEB81007857CE /* Model */,
				91A52F60297EEEC9007857CE /* Views */,
				917BD06F297EB49100F57E6D /* PlankPoseDetectorApp.swift */,
				917BD075297EB49200F57E6D /* Preview Content */,
			);
			path = PlankPoseDetector;
			sourceTree = "<group>";
		};
		917BD075297EB49200F57E6D /* Preview Content */ = {
			isa = PBXGroup;
			children = (
				917BD076297EB49200F57E6D /* Preview Assets.xcassets */,
			);
			path = "Preview Content";
			sourceTree = "<group>";
		};
		91A52F55297EEB81007857CE /* Model */ = {
			isa = PBXGroup;
			children = (
				91A52F67297EF23C007857CE /* Enums */,
				91A52F56297EEBAB007857CE /* Flux */,
			);
			path = Model;
			sourceTree = "<group>";
		};
		91A52F56297EEBAB007857CE /* Flux */ = {
			isa = PBXGroup;
			children = (
				91A52F5B297EECC1007857CE /* WorkoutFeature */,
				91A52F5A297EECB7007857CE /* SettingsFeature */,
				91A52F57297EEBBD007857CE /* AppFeature */,
			);
			path = Flux;
			sourceTree = "<group>";
		};
		91A52F57297EEBBD007857CE /* AppFeature */ = {
			isa = PBXGroup;
			children = (
				91A52F58297EEBE8007857CE /* AppFeature.swift */,
			);
			path = AppFeature;
			sourceTree = "<group>";
		};
		91A52F5A297EECB7007857CE /* SettingsFeature */ = {
			isa = PBXGroup;
			children = (
				91A52F5C297EECEC007857CE /* SettingsFeature.swift */,
			);
			path = SettingsFeature;
			sourceTree = "<group>";
		};
		91A52F5B297EECC1007857CE /* WorkoutFeature */ = {
			isa = PBXGroup;
			children = (
				91A52F5E297EED96007857CE /* WorkoutFeature.swift */,
			);
			path = WorkoutFeature;
			sourceTree = "<group>";
		};
		91A52F60297EEEC9007857CE /* Views */ = {
			isa = PBXGroup;
			children = (
				91A52F6B297EF4AD007857CE /* Workout */,
				91A52F6A297EF4A6007857CE /* Settings */,
				91A52F61297EEED1007857CE /* MainView */,
			);
			path = Views;
			sourceTree = "<group>";
		};
		91A52F61297EEED1007857CE /* MainView */ = {
			isa = PBXGroup;
			children = (
				91A52F64297EEEF8007857CE /* Preview */,
				91A52F62297EEEE4007857CE /* MainView.swift */,
			);
			path = MainView;
			sourceTree = "<group>";
		};
		91A52F64297EEEF8007857CE /* Preview */ = {
			isa = PBXGroup;
			children = (
				91A52F65297EEF1A007857CE /* MainView_Preview.swift */,
			);
			path = Preview;
			sourceTree = "<group>";
		};
		91A52F67297EF23C007857CE /* Enums */ = {
			isa = PBXGroup;
			children = (
				91A52F68297EF253007857CE /* MainViewTabEnum.swift */,
			);
			path = Enums;
			sourceTree = "<group>";
		};
		91A52F6A297EF4A6007857CE /* Settings */ = {
			isa = PBXGroup;
			children = (
				91A52F6E297EF4D5007857CE /* SettingsView.swift */,
			);
			path = Settings;
			sourceTree = "<group>";
		};
		91A52F6B297EF4AD007857CE /* Workout */ = {
			isa = PBXGroup;
			children = (
				91A52F6C297EF4C3007857CE /* WorkoutView.swift */,
			);
			path = Workout;
			sourceTree = "<group>";
		};
		91A52F70297EFA03007857CE /* Services */ = {
			isa = PBXGroup;
			children = (
				91A52F71297EFA0A007857CE /* PoseDetection */,
			);
			path = Services;
			sourceTree = "<group>";
		};
		91A52F71297EFA0A007857CE /* PoseDetection */ = {
			isa = PBXGroup;
			children = (
				91A52F72297EFA1F007857CE /* PoseDetector.swift */,
				91A52F74297EFA34007857CE /* VisionPoseDetection.swift */,
			);
			path = PoseDetection;
			sourceTree = "<group>";
		};
		91A52F76297EFBB1007857CE /* SupportingFiles */ = {
			isa = PBXGroup;
			children = (
				917BD073297EB49200F57E6D /* Assets.xcassets */,
				91A52F77297EFBB1007857CE /* example.jpg */,
			);
			path = SupportingFiles;
			sourceTree = "<group>";
		};
/* End PBXGroup section */

/* Begin PBXNativeTarget section */
		917BD06B297EB49100F57E6D /* PlankPoseDetector */ = {
			isa = PBXNativeTarget;
			buildConfigurationList = 917BD07A297EB49200F57E6D /* Build configuration list for PBXNativeTarget "PlankPoseDetector" */;
			buildPhases = (
				917BD068297EB49100F57E6D /* Sources */,
				917BD069297EB49100F57E6D /* Frameworks */,
				917BD06A297EB49100F57E6D /* Resources */,
			);
			buildRules = (
			);
			dependencies = (
			);
			name = PlankPoseDetector;
			packageProductDependencies = (
				91A52F53297EEB31007857CE /* ComposableArchitecture */,
			);
			productName = PlankPoseDetector;
			productReference = 917BD06C297EB49100F57E6D /* PlankPoseDetector.app */;
			productType = "com.apple.product-type.application";
		};
/* End PBXNativeTarget section */

/* Begin PBXProject section */
		917BD064297EB49100F57E6D /* Project object */ = {
			isa = PBXProject;
			attributes = {
				BuildIndependentTargetsInParallel = 1;
				LastSwiftUpdateCheck = 1420;
				LastUpgradeCheck = 1420;
				TargetAttributes = {
					917BD06B297EB49100F57E6D = {
						CreatedOnToolsVersion = 14.2;
					};
				};
			};
			buildConfigurationList = 917BD067297EB49100F57E6D /* Build configuration list for PBXProject "PlankPoseDetector" */;
			compatibilityVersion = "Xcode 14.0";
			developmentRegion = en;
			hasScannedForEncodings = 0;
			knownRegions = (
				en,
				Base,
			);
			mainGroup = 917BD063297EB49100F57E6D;
			packageReferences = (
				91A52F52297EEB31007857CE /* XCRemoteSwiftPackageReference "swift-composable-architecture" */,
			);
			productRefGroup = 917BD06D297EB49100F57E6D /* Products */;
			projectDirPath = "";
			projectRoot = "";
			targets = (
				917BD06B297EB49100F57E6D /* PlankPoseDetector */,
			);
		};
/* End PBXProject section */

/* Begin PBXResourcesBuildPhase section */
		917BD06A297EB49100F57E6D /* Resources */ = {
			isa = PBXResourcesBuildPhase;
			buildActionMask = 2147483647;
			files = (
				91A52F78297EFBB1007857CE /* example.jpg in Resources */,
				917BD077297EB49200F57E6D /* Preview Assets.xcassets in Resources */,
				917BD074297EB49200F57E6D /* Assets.xcassets in Resources */,
			);
			runOnlyForDeploymentPostprocessing = 0;
		};
/* End PBXResourcesBuildPhase section */

/* Begin PBXSourcesBuildPhase section */
		917BD068297EB49100F57E6D /* Sources */ = {
			isa = PBXSourcesBuildPhase;
			buildActionMask = 2147483647;
			files = (
				91A52F59297EEBE8007857CE /* AppFeature.swift in Sources */,
				91A52F63297EEEE4007857CE /* MainView.swift in Sources */,
				91A52F6D297EF4C3007857CE /* WorkoutView.swift in Sources */,
				91A52F6F297EF4D5007857CE /* SettingsView.swift in Sources */,
				91A52F5F297EED96007857CE /* WorkoutFeature.swift in Sources */,
				91A52F66297EEF1A007857CE /* MainView_Preview.swift in Sources */,
				91A52F75297EFA34007857CE /* VisionPoseDetection.swift in Sources */,
				91A52F5D297EECEC007857CE /* SettingsFeature.swift in Sources */,
				91A52F69297EF253007857CE /* MainViewTabEnum.swift in Sources */,
				91A52F73297EFA1F007857CE /* PoseDetector.swift in Sources */,
				917BD070297EB49100F57E6D /* PlankPoseDetectorApp.swift in Sources */,
			);
			runOnlyForDeploymentPostprocessing = 0;
		};
/* End PBXSourcesBuildPhase section */

/* Begin XCBuildConfiguration section */
		917BD078297EB49200F57E6D /* Debug */ = {
			isa = XCBuildConfiguration;
			buildSettings = {
				ALWAYS_SEARCH_USER_PATHS = NO;
				CLANG_ANALYZER_NONNULL = YES;
				CLANG_ANALYZER_NUMBER_OBJECT_CONVERSION = YES_AGGRESSIVE;
				CLANG_CXX_LANGUAGE_STANDARD = "gnu++20";
				CLANG_ENABLE_MODULES = YES;
				CLANG_ENABLE_OBJC_ARC = YES;
				CLANG_ENABLE_OBJC_WEAK = YES;
				CLANG_WARN_BLOCK_CAPTURE_AUTORELEASING = YES;
				CLANG_WARN_BOOL_CONVERSION = YES;
				CLANG_WARN_COMMA = YES;
				CLANG_WARN_CONSTANT_CONVERSION = YES;
				CLANG_WARN_DEPRECATED_OBJC_IMPLEMENTATIONS = YES;
				CLANG_WARN_DIRECT_OBJC_ISA_USAGE = YES_ERROR;
				CLANG_WARN_DOCUMENTATION_COMMENTS = YES;
				CLANG_WARN_EMPTY_BODY = YES;
				CLANG_WARN_ENUM_CONVERSION = YES;
				CLANG_WARN_INFINITE_RECURSION = YES;
				CLANG_WARN_INT_CONVERSION = YES;
				CLANG_WARN_NON_LITERAL_NULL_CONVERSION = YES;
				CLANG_WARN_OBJC_IMPLICIT_RETAIN_SELF = YES;
				CLANG_WARN_OBJC_LITERAL_CONVERSION = YES;
				CLANG_WARN_OBJC_ROOT_CLASS = YES_ERROR;
				CLANG_WARN_QUOTED_INCLUDE_IN_FRAMEWORK_HEADER = YES;
				CLANG_WARN_RANGE_LOOP_ANALYSIS = YES;
				CLANG_WARN_STRICT_PROTOTYPES = YES;
				CLANG_WARN_SUSPICIOUS_MOVE = YES;
				CLANG_WARN_UNGUARDED_AVAILABILITY = YES_AGGRESSIVE;
				CLANG_WARN_UNREACHABLE_CODE = YES;
				CLANG_WARN__DUPLICATE_METHOD_MATCH = YES;
				COPY_PHASE_STRIP = NO;
				DEBUG_INFORMATION_FORMAT = dwarf;
				ENABLE_STRICT_OBJC_MSGSEND = YES;
				ENABLE_TESTABILITY = YES;
				GCC_C_LANGUAGE_STANDARD = gnu11;
				GCC_DYNAMIC_NO_PIC = NO;
				GCC_NO_COMMON_BLOCKS = YES;
				GCC_OPTIMIZATION_LEVEL = 0;
				GCC_PREPROCESSOR_DEFINITIONS = (
					"DEBUG=1",
					"$(inherited)",
				);
				GCC_WARN_64_TO_32_BIT_CONVERSION = YES;
				GCC_WARN_ABOUT_RETURN_TYPE = YES_ERROR;
				GCC_WARN_UNDECLARED_SELECTOR = YES;
				GCC_WARN_UNINITIALIZED_AUTOS = YES_AGGRESSIVE;
				GCC_WARN_UNUSED_FUNCTION = YES;
				GCC_WARN_UNUSED_VARIABLE = YES;
				IPHONEOS_DEPLOYMENT_TARGET = 16.2;
				MTL_ENABLE_DEBUG_INFO = INCLUDE_SOURCE;
				MTL_FAST_MATH = YES;
				ONLY_ACTIVE_ARCH = YES;
				SDKROOT = iphoneos;
				SWIFT_ACTIVE_COMPILATION_CONDITIONS = DEBUG;
				SWIFT_OPTIMIZATION_LEVEL = "-Onone";
			};
			name = Debug;
		};
		917BD079297EB49200F57E6D /* Release */ = {
			isa = XCBuildConfiguration;
			buildSettings = {
				ALWAYS_SEARCH_USER_PATHS = NO;
				CLANG_ANALYZER_NONNULL = YES;
				CLANG_ANALYZER_NUMBER_OBJECT_CONVERSION = YES_AGGRESSIVE;
				CLANG_CXX_LANGUAGE_STANDARD = "gnu++20";
				CLANG_ENABLE_MODULES = YES;
				CLANG_ENABLE_OBJC_ARC = YES;
				CLANG_ENABLE_OBJC_WEAK = YES;
				CLANG_WARN_BLOCK_CAPTURE_AUTORELEASING = YES;
				CLANG_WARN_BOOL_CONVERSION = YES;
				CLANG_WARN_COMMA = YES;
				CLANG_WARN_CONSTANT_CONVERSION = YES;
				CLANG_WARN_DEPRECATED_OBJC_IMPLEMENTATIONS = YES;
				CLANG_WARN_DIRECT_OBJC_ISA_USAGE = YES_ERROR;
				CLANG_WARN_DOCUMENTATION_COMMENTS = YES;
				CLANG_WARN_EMPTY_BODY = YES;
				CLANG_WARN_ENUM_CONVERSION = YES;
				CLANG_WARN_INFINITE_RECURSION = YES;
				CLANG_WARN_INT_CONVERSION = YES;
				CLANG_WARN_NON_LITERAL_NULL_CONVERSION = YES;
				CLANG_WARN_OBJC_IMPLICIT_RETAIN_SELF = YES;
				CLANG_WARN_OBJC_LITERAL_CONVERSION = YES;
				CLANG_WARN_OBJC_ROOT_CLASS = YES_ERROR;
				CLANG_WARN_QUOTED_INCLUDE_IN_FRAMEWORK_HEADER = YES;
				CLANG_WARN_RANGE_LOOP_ANALYSIS = YES;
				CLANG_WARN_STRICT_PROTOTYPES = YES;
				CLANG_WARN_SUSPICIOUS_MOVE = YES;
				CLANG_WARN_UNGUARDED_AVAILABILITY = YES_AGGRESSIVE;
				CLANG_WARN_UNREACHABLE_CODE = YES;
				CLANG_WARN__DUPLICATE_METHOD_MATCH = YES;
				COPY_PHASE_STRIP = NO;
				DEBUG_INFORMATION_FORMAT = "dwarf-with-dsym";
				ENABLE_NS_ASSERTIONS = NO;
				ENABLE_STRICT_OBJC_MSGSEND = YES;
				GCC_C_LANGUAGE_STANDARD = gnu11;
				GCC_NO_COMMON_BLOCKS = YES;
				GCC_WARN_64_TO_32_BIT_CONVERSION = YES;
				GCC_WARN_ABOUT_RETURN_TYPE = YES_ERROR;
				GCC_WARN_UNDECLARED_SELECTOR = YES;
				GCC_WARN_UNINITIALIZED_AUTOS = YES_AGGRESSIVE;
				GCC_WARN_UNUSED_FUNCTION = YES;
				GCC_WARN_UNUSED_VARIABLE = YES;
				IPHONEOS_DEPLOYMENT_TARGET = 16.2;
				MTL_ENABLE_DEBUG_INFO = NO;
				MTL_FAST_MATH = YES;
				SDKROOT = iphoneos;
				SWIFT_COMPILATION_MODE = wholemodule;
				SWIFT_OPTIMIZATION_LEVEL = "-O";
				VALIDATE_PRODUCT = YES;
			};
			name = Release;
		};
		917BD07B297EB49200F57E6D /* Debug */ = {
			isa = XCBuildConfiguration;
			buildSettings = {
				ASSETCATALOG_COMPILER_APPICON_NAME = AppIcon;
				ASSETCATALOG_COMPILER_GLOBAL_ACCENT_COLOR_NAME = AccentColor;
				CODE_SIGN_STYLE = Automatic;
				CURRENT_PROJECT_VERSION = 1;
				DEVELOPMENT_ASSET_PATHS = "\"PlankPoseDetector/Preview Content\"";
				DEVELOPMENT_TEAM = ZWXN4J2VCP;
				ENABLE_PREVIEWS = YES;
				GENERATE_INFOPLIST_FILE = YES;
				INFOPLIST_KEY_UIApplicationSceneManifest_Generation = YES;
				INFOPLIST_KEY_UIApplicationSupportsIndirectInputEvents = YES;
				INFOPLIST_KEY_UILaunchScreen_Generation = YES;
				INFOPLIST_KEY_UISupportedInterfaceOrientations = "UIInterfaceOrientationPortrait UIInterfaceOrientationPortraitUpsideDown";
				INFOPLIST_KEY_UISupportedInterfaceOrientations_iPad = "UIInterfaceOrientationLandscapeLeft UIInterfaceOrientationLandscapeRight UIInterfaceOrientationPortrait UIInterfaceOrientationPortraitUpsideDown";
				LD_RUNPATH_SEARCH_PATHS = (
					"$(inherited)",
					"@executable_path/Frameworks",
				);
				MARKETING_VERSION = 1.0;
				PRODUCT_BUNDLE_IDENTIFIER = com.nikolai.PlankPoseDetector;
				PRODUCT_NAME = "$(TARGET_NAME)";
				SUPPORTED_PLATFORMS = "iphoneos iphonesimulator";
				SUPPORTS_MACCATALYST = NO;
				SUPPORTS_MAC_DESIGNED_FOR_IPHONE_IPAD = NO;
				SWIFT_EMIT_LOC_STRINGS = YES;
				SWIFT_VERSION = 5.0;
				TARGETED_DEVICE_FAMILY = 1;
			};
			name = Debug;
		};
		917BD07C297EB49200F57E6D /* Release */ = {
			isa = XCBuildConfiguration;
			buildSettings = {
				ASSETCATALOG_COMPILER_APPICON_NAME = AppIcon;
				ASSETCATALOG_COMPILER_GLOBAL_ACCENT_COLOR_NAME = AccentColor;
				CODE_SIGN_STYLE = Automatic;
				CURRENT_PROJECT_VERSION = 1;
				DEVELOPMENT_ASSET_PATHS = "\"PlankPoseDetector/Preview Content\"";
				DEVELOPMENT_TEAM = ZWXN4J2VCP;
				ENABLE_PREVIEWS = YES;
				GENERATE_INFOPLIST_FILE = YES;
				INFOPLIST_KEY_UIApplicationSceneManifest_Generation = YES;
				INFOPLIST_KEY_UIApplicationSupportsIndirectInputEvents = YES;
				INFOPLIST_KEY_UILaunchScreen_Generation = YES;
				INFOPLIST_KEY_UISupportedInterfaceOrientations = "UIInterfaceOrientationPortrait UIInterfaceOrientationPortraitUpsideDown";
				INFOPLIST_KEY_UISupportedInterfaceOrientations_iPad = "UIInterfaceOrientationLandscapeLeft UIInterfaceOrientationLandscapeRight UIInterfaceOrientationPortrait UIInterfaceOrientationPortraitUpsideDown";
				LD_RUNPATH_SEARCH_PATHS = (
					"$(inherited)",
					"@executable_path/Frameworks",
				);
				MARKETING_VERSION = 1.0;
				PRODUCT_BUNDLE_IDENTIFIER = com.nikolai.PlankPoseDetector;
				PRODUCT_NAME = "$(TARGET_NAME)";
				SUPPORTED_PLATFORMS = "iphoneos iphonesimulator";
				SUPPORTS_MACCATALYST = NO;
				SUPPORTS_MAC_DESIGNED_FOR_IPHONE_IPAD = NO;
				SWIFT_EMIT_LOC_STRINGS = YES;
				SWIFT_VERSION = 5.0;
				TARGETED_DEVICE_FAMILY = 1;
			};
			name = Release;
		};
/* End XCBuildConfiguration section */

/* Begin XCConfigurationList section */
		917BD067297EB49100F57E6D /* Build configuration list for PBXProject "PlankPoseDetector" */ = {
			isa = XCConfigurationList;
			buildConfigurations = (
				917BD078297EB49200F57E6D /* Debug */,
				917BD079297EB49200F57E6D /* Release */,
			);
			defaultConfigurationIsVisible = 0;
			defaultConfigurationName = Release;
		};
		917BD07A297EB49200F57E6D /* Build configuration list for PBXNativeTarget "PlankPoseDetector" */ = {
			isa = XCConfigurationList;
			buildConfigurations = (
				917BD07B297EB49200F57E6D /* Debug */,
				917BD07C297EB49200F57E6D /* Release */,
			);
			defaultConfigurationIsVisible = 0;
			defaultConfigurationName = Release;
		};
/* End XCConfigurationList section */

/* Begin XCRemoteSwiftPackageReference section */
		91A52F52297EEB31007857CE /* XCRemoteSwiftPackageReference "swift-composable-architecture" */ = {
			isa = XCRemoteSwiftPackageReference;
			repositoryURL = "https://github.com/pointfreeco/swift-composable-architecture";
			requirement = {
				kind = exactVersion;
				version = 0.49.2;
			};
		};
/* End XCRemoteSwiftPackageReference section */

/* Begin XCSwiftPackageProductDependency section */
		91A52F53297EEB31007857CE /* ComposableArchitecture */ = {
			isa = XCSwiftPackageProductDependency;
			package = 91A52F52297EEB31007857CE /* XCRemoteSwiftPackageReference "swift-composable-architecture" */;
			productName = ComposableArchitecture;
		};
/* End XCSwiftPackageProductDependency section */
	};
	rootObject = 917BD064297EB49100F57E6D /* Project object */;
}
