// !$*UTF8*$!
{
	archiveVersion = 1;
	classes = {
	};
	objectVersion = 56;
	objects = {

/* Begin PBXBuildFile section */
		9104AF602A1474CF004E0025 /* AVPlayer+State.swift in Sources */ = {isa = PBXBuildFile; fileRef = 9104AF5F2A1474CF004E0025 /* AVPlayer+State.swift */; };
		911329A72A19357E00BFF5CE /* PlankAppSceneDelegate.swift in Sources */ = {isa = PBXBuildFile; fileRef = 911329A62A19357E00BFF5CE /* PlankAppSceneDelegate.swift */; };
		911329A92A19392600BFF5CE /* PlankAppDelegate.swift in Sources */ = {isa = PBXBuildFile; fileRef = 911329A82A19392600BFF5CE /* PlankAppDelegate.swift */; };
		911329AB2A193A6F00BFF5CE /* HUDWindowView.swift in Sources */ = {isa = PBXBuildFile; fileRef = 911329AA2A193A6F00BFF5CE /* HUDWindowView.swift */; };
		911329B12A193D6E00BFF5CE /* HUDMessenger.swift in Sources */ = {isa = PBXBuildFile; fileRef = 911329B02A193D6E00BFF5CE /* HUDMessenger.swift */; };
		911329B32A193DAF00BFF5CE /* HUDMessage.swift in Sources */ = {isa = PBXBuildFile; fileRef = 911329B22A193DAF00BFF5CE /* HUDMessage.swift */; };
		911329B52A193DE300BFF5CE /* StaticHUDMessenger.swift in Sources */ = {isa = PBXBuildFile; fileRef = 911329B42A193DE300BFF5CE /* StaticHUDMessenger.swift */; };
		911329B72A193E4C00BFF5CE /* HUDMessengerDelegate.swift in Sources */ = {isa = PBXBuildFile; fileRef = 911329B62A193E4C00BFF5CE /* HUDMessengerDelegate.swift */; };
		911329BA2A193F3100BFF5CE /* HUDViewModel.swift in Sources */ = {isa = PBXBuildFile; fileRef = 911329B92A193F3100BFF5CE /* HUDViewModel.swift */; };
		911C66BB2985940C00E7D4D4 /* AppBottomBar.swift in Sources */ = {isa = PBXBuildFile; fileRef = 911C66BA2985940C00E7D4D4 /* AppBottomBar.swift */; };
		911C66BE298595C300E7D4D4 /* BottomBarCofficients.swift in Sources */ = {isa = PBXBuildFile; fileRef = 911C66BD298595C300E7D4D4 /* BottomBarCofficients.swift */; };
		911C66C2298597F700E7D4D4 /* BottomBarIcon.swift in Sources */ = {isa = PBXBuildFile; fileRef = 911C66C1298597F700E7D4D4 /* BottomBarIcon.swift */; };
		911C66C5298599F100E7D4D4 /* BottomBarImageNames.swift in Sources */ = {isa = PBXBuildFile; fileRef = 911C66C4298599F100E7D4D4 /* BottomBarImageNames.swift */; };
		911C66C729859D4000E7D4D4 /* BottomBarIcon_Previews.swift in Sources */ = {isa = PBXBuildFile; fileRef = 911C66C629859D4000E7D4D4 /* BottomBarIcon_Previews.swift */; };
		911C66C929859DC000E7D4D4 /* BottomBarColors.swift in Sources */ = {isa = PBXBuildFile; fileRef = 911C66C829859DC000E7D4D4 /* BottomBarColors.swift */; };
		911C66CB29859DEB00E7D4D4 /* AppColors.swift in Sources */ = {isa = PBXBuildFile; fileRef = 911C66CA29859DEB00E7D4D4 /* AppColors.swift */; };
		911C66CE29859ED000E7D4D4 /* SwiftDevPackage in Frameworks */ = {isa = PBXBuildFile; productRef = 911C66CD29859ED000E7D4D4 /* SwiftDevPackage */; };
		911C66D02985A18900E7D4D4 /* BottomBar_Previews.swift in Sources */ = {isa = PBXBuildFile; fileRef = 911C66CF2985A18900E7D4D4 /* BottomBar_Previews.swift */; };
		912797872997DD6300C07A4E /* PoseView.swift in Sources */ = {isa = PBXBuildFile; fileRef = 912797862997DD6300C07A4E /* PoseView.swift */; };
		913059AD298ABF0E004155FD /* PoseDetectorDependency.swift in Sources */ = {isa = PBXBuildFile; fileRef = 913059AC298ABF0E004155FD /* PoseDetectorDependency.swift */; };
		913059AF298AC140004155FD /* DrawServiceDependency.swift in Sources */ = {isa = PBXBuildFile; fileRef = 913059AE298AC140004155FD /* DrawServiceDependency.swift */; };
		913059B1298AC22A004155FD /* WorkoutView_Previews.swift in Sources */ = {isa = PBXBuildFile; fileRef = 913059B0298AC22A004155FD /* WorkoutView_Previews.swift */; };
		913059B3298AC377004155FD /* video.mp4 in Resources */ = {isa = PBXBuildFile; fileRef = 913059B2298AC377004155FD /* video.mp4 */; };
		91442EBD299FE72000F1C501 /* CameraConstants.swift in Sources */ = {isa = PBXBuildFile; fileRef = 91442EBC299FE72000F1C501 /* CameraConstants.swift */; };
		91442EBF299FF02300F1C501 /* CameraFrameDelegate.swift in Sources */ = {isa = PBXBuildFile; fileRef = 91442EBE299FF02300F1C501 /* CameraFrameDelegate.swift */; };
		91442EC1299FF0A000F1C501 /* CallbackTypes.swift in Sources */ = {isa = PBXBuildFile; fileRef = 91442EC0299FF0A000F1C501 /* CallbackTypes.swift */; };
		91442EC3299FF74B00F1C501 /* FrameManager.swift in Sources */ = {isa = PBXBuildFile; fileRef = 91442EC2299FF74B00F1C501 /* FrameManager.swift */; };
		914F72D829B23F850038104E /* AppAVPlayerDependency.swift in Sources */ = {isa = PBXBuildFile; fileRef = 914F72D729B23F850038104E /* AppAVPlayerDependency.swift */; };
		916656C22AADD60800B9CD6D /* FrameGetter.swift in Sources */ = {isa = PBXBuildFile; fileRef = 916656BE2AADD60800B9CD6D /* FrameGetter.swift */; };
		916656C32AADD60800B9CD6D /* MessageBox.swift in Sources */ = {isa = PBXBuildFile; fileRef = 916656BF2AADD60800B9CD6D /* MessageBox.swift */; };
		916656C42AADD60800B9CD6D /* MessageType.swift in Sources */ = {isa = PBXBuildFile; fileRef = 916656C12AADD60800B9CD6D /* MessageType.swift */; };
		916656C72AADD70A00B9CD6D /* View+Apply.swift in Sources */ = {isa = PBXBuildFile; fileRef = 916656C62AADD70A00B9CD6D /* View+Apply.swift */; };
		916656C92AADDBB400B9CD6D /* AlertView.swift in Sources */ = {isa = PBXBuildFile; fileRef = 916656C82AADDBB400B9CD6D /* AlertView.swift */; };
		916656CB2AADDC2200B9CD6D /* AlertMessage_Preview.swift in Sources */ = {isa = PBXBuildFile; fileRef = 916656CA2AADDC2200B9CD6D /* AlertMessage_Preview.swift */; };
		916656CD2AADE36C00B9CD6D /* LandscaprePose.png in Resources */ = {isa = PBXBuildFile; fileRef = 916656CC2AADE36C00B9CD6D /* LandscaprePose.png */; };
		916B08C52A15C7CC007E2FC8 /* SettingsView_Previews.swift in Sources */ = {isa = PBXBuildFile; fileRef = 916B08C42A15C7CC007E2FC8 /* SettingsView_Previews.swift */; };
		916B08C82A15C9DB007E2FC8 /* SettingsViewStrings.swift in Sources */ = {isa = PBXBuildFile; fileRef = 916B08C72A15C9DB007E2FC8 /* SettingsViewStrings.swift */; };
		9178EAEE29B506DA00ACC9F8 /* SourceTimerState.swift in Sources */ = {isa = PBXBuildFile; fileRef = 9178EAED29B506DA00ACC9F8 /* SourceTimerState.swift */; };
		9178EAF029B5073300ACC9F8 /* RepeatingTimer.swift in Sources */ = {isa = PBXBuildFile; fileRef = 9178EAEF29B5073300ACC9F8 /* RepeatingTimer.swift */; };
		917BD070297EB49100F57E6D /* PlankPoseDetectorApp.swift in Sources */ = {isa = PBXBuildFile; fileRef = 917BD06F297EB49100F57E6D /* PlankPoseDetectorApp.swift */; };
		917BD074297EB49200F57E6D /* Assets.xcassets in Resources */ = {isa = PBXBuildFile; fileRef = 917BD073297EB49200F57E6D /* Assets.xcassets */; };
		917BD077297EB49200F57E6D /* Preview Assets.xcassets in Resources */ = {isa = PBXBuildFile; fileRef = 917BD076297EB49200F57E6D /* Preview Assets.xcassets */; };
		919594D529BCD6AB00BCB5C6 /* CameraPlaybackView_Previews.swift in Sources */ = {isa = PBXBuildFile; fileRef = 919594D429BCD6AB00BCB5C6 /* CameraPlaybackView_Previews.swift */; };
		919594D929BCD76200BCB5C6 /* PoseDetectionServicePreview.swift in Sources */ = {isa = PBXBuildFile; fileRef = 919594D829BCD76200BCB5C6 /* PoseDetectionServicePreview.swift */; };
		919594DD29BCDD8900BCB5C6 /* PosePreviewImage.jpg in Resources */ = {isa = PBXBuildFile; fileRef = 919594DB29BCDB8400BCB5C6 /* PosePreviewImage.jpg */; };
		919594DF29BCDE5A00BCB5C6 /* FrameView_Previews.swift in Sources */ = {isa = PBXBuildFile; fileRef = 919594DE29BCDE5A00BCB5C6 /* FrameView_Previews.swift */; };
		919594E129BCDF3700BCB5C6 /* VideoPreviewImage.jpg in Resources */ = {isa = PBXBuildFile; fileRef = 919594E029BCDF3600BCB5C6 /* VideoPreviewImage.jpg */; };
		91A30A162A0FA8F70004F4E2 /* VideoPlayerOverlay.swift in Sources */ = {isa = PBXBuildFile; fileRef = 91A30A152A0FA8F70004F4E2 /* VideoPlayerOverlay.swift */; };
		91A30A182A0FA98D0004F4E2 /* VideoPlayerOverlay_Preview.swift in Sources */ = {isa = PBXBuildFile; fileRef = 91A30A172A0FA98D0004F4E2 /* VideoPlayerOverlay_Preview.swift */; };
		91A30A1D2A0FAD660004F4E2 /* GalleryImageNames.swift in Sources */ = {isa = PBXBuildFile; fileRef = 91A30A1C2A0FAD660004F4E2 /* GalleryImageNames.swift */; };
		91A30A232A0FB3FE0004F4E2 /* AppImageNames.swift in Sources */ = {isa = PBXBuildFile; fileRef = 91A30A222A0FB3FE0004F4E2 /* AppImageNames.swift */; };
		91A52F54297EEB31007857CE /* ComposableArchitecture in Frameworks */ = {isa = PBXBuildFile; productRef = 91A52F53297EEB31007857CE /* ComposableArchitecture */; };
		91A52F59297EEBE8007857CE /* AppFeature.swift in Sources */ = {isa = PBXBuildFile; fileRef = 91A52F58297EEBE8007857CE /* AppFeature.swift */; };
		91A52F5D297EECEC007857CE /* SettingsFeature.swift in Sources */ = {isa = PBXBuildFile; fileRef = 91A52F5C297EECEC007857CE /* SettingsFeature.swift */; };
		91A52F5F297EED96007857CE /* WorkoutFeature.swift in Sources */ = {isa = PBXBuildFile; fileRef = 91A52F5E297EED96007857CE /* WorkoutFeature.swift */; };
		91A52F63297EEEE4007857CE /* MainView.swift in Sources */ = {isa = PBXBuildFile; fileRef = 91A52F62297EEEE4007857CE /* MainView.swift */; };
		91A52F66297EEF1A007857CE /* MainView_Preview.swift in Sources */ = {isa = PBXBuildFile; fileRef = 91A52F65297EEF1A007857CE /* MainView_Preview.swift */; };
		91A52F69297EF253007857CE /* MainViewTabEnum.swift in Sources */ = {isa = PBXBuildFile; fileRef = 91A52F68297EF253007857CE /* MainViewTabEnum.swift */; };
		91A52F6D297EF4C3007857CE /* WorkoutView.swift in Sources */ = {isa = PBXBuildFile; fileRef = 91A52F6C297EF4C3007857CE /* WorkoutView.swift */; };
		91A52F6F297EF4D5007857CE /* SettingsView.swift in Sources */ = {isa = PBXBuildFile; fileRef = 91A52F6E297EF4D5007857CE /* SettingsView.swift */; };
		91A52F73297EFA1F007857CE /* PoseDetector.swift in Sources */ = {isa = PBXBuildFile; fileRef = 91A52F72297EFA1F007857CE /* PoseDetector.swift */; };
		91A52F75297EFA34007857CE /* VisionPoseDetection.swift in Sources */ = {isa = PBXBuildFile; fileRef = 91A52F74297EFA34007857CE /* VisionPoseDetection.swift */; };
		91A52F78297EFBB1007857CE /* example.jpg in Resources */ = {isa = PBXBuildFile; fileRef = 91A52F77297EFBB1007857CE /* example.jpg */; };
		91C3065729C6222400D87948 /* GalleryView_Previews.swift in Sources */ = {isa = PBXBuildFile; fileRef = 91C3065629C6222400D87948 /* GalleryView_Previews.swift */; };
		91C3065A29C6249500D87948 /* AppFileManager.swift in Sources */ = {isa = PBXBuildFile; fileRef = 91C3065929C6249500D87948 /* AppFileManager.swift */; };
		91C3065C29C624C900D87948 /* NativeFileManager.swift in Sources */ = {isa = PBXBuildFile; fileRef = 91C3065B29C624C900D87948 /* NativeFileManager.swift */; };
		91C3065E29C6275100D87948 /* AppFileManagerDependency.swift in Sources */ = {isa = PBXBuildFile; fileRef = 91C3065D29C6275100D87948 /* AppFileManagerDependency.swift */; };
		91C3066129C6296800D87948 /* SavedVideoFile.swift in Sources */ = {isa = PBXBuildFile; fileRef = 91C3066029C6296800D87948 /* SavedVideoFile.swift */; };
		91C3066429C62EBD00D87948 /* SavedFilesExplorer.swift in Sources */ = {isa = PBXBuildFile; fileRef = 91C3066329C62EBD00D87948 /* SavedFilesExplorer.swift */; };
		91C8707F2AB0C4F700267A0A /* PoseEstimationService.swift in Sources */ = {isa = PBXBuildFile; fileRef = 91C8707E2AB0C4F700267A0A /* PoseEstimationService.swift */; };
		91C870812AB0C56600267A0A /* PlankPoseEstimation.swift in Sources */ = {isa = PBXBuildFile; fileRef = 91C870802AB0C56600267A0A /* PlankPoseEstimation.swift */; };
		91C870832AB0C5D400267A0A /* PoseEstimationDependency.swift in Sources */ = {isa = PBXBuildFile; fileRef = 91C870822AB0C5D400267A0A /* PoseEstimationDependency.swift */; };
		91CBEE5E2992C9830011DECB /* CameraPlaybackFeature.swift in Sources */ = {isa = PBXBuildFile; fileRef = 91CBEE5D2992C9830011DECB /* CameraPlaybackFeature.swift */; };
		91CBEE602992C9A20011DECB /* CameraFeature.swift in Sources */ = {isa = PBXBuildFile; fileRef = 91CBEE5F2992C9A20011DECB /* CameraFeature.swift */; };
		91CBEE622992C9B30011DECB /* PoseDrawingFeature.swift in Sources */ = {isa = PBXBuildFile; fileRef = 91CBEE612992C9B30011DECB /* PoseDrawingFeature.swift */; };
		91CBEE652992D1BC0011DECB /* CameraPlaybackView.swift in Sources */ = {isa = PBXBuildFile; fileRef = 91CBEE642992D1BC0011DECB /* CameraPlaybackView.swift */; };
		91CBEE682992D3590011DECB /* FrameView.swift in Sources */ = {isa = PBXBuildFile; fileRef = 91CBEE672992D3590011DECB /* FrameView.swift */; };
		91CBEE6A2992D4920011DECB /* CameraView.swift in Sources */ = {isa = PBXBuildFile; fileRef = 91CBEE692992D4920011DECB /* CameraView.swift */; };
		91CBEE6C2992D5D00011DECB /* CameraConfigurationState.swift in Sources */ = {isa = PBXBuildFile; fileRef = 91CBEE6B2992D5D00011DECB /* CameraConfigurationState.swift */; };
		91D720612A1DA3D90097BD91 /* HUDMessagePriority.swift in Sources */ = {isa = PBXBuildFile; fileRef = 91D720602A1DA3D90097BD91 /* HUDMessagePriority.swift */; };
		91D720632A1DA4FC0097BD91 /* HUDMessengerDependency.swift in Sources */ = {isa = PBXBuildFile; fileRef = 91D720622A1DA4FC0097BD91 /* HUDMessengerDependency.swift */; };
		91D720652A1DA7740097BD91 /* HUDUIWindow.swift in Sources */ = {isa = PBXBuildFile; fileRef = 91D720642A1DA7740097BD91 /* HUDUIWindow.swift */; };
		91D854F82986DAE300F82E11 /* PoseJoint.swift in Sources */ = {isa = PBXBuildFile; fileRef = 91D854F72986DAE300F82E11 /* PoseJoint.swift */; };
		91D854FC2986E2F600F82E11 /* DrawImageService.swift in Sources */ = {isa = PBXBuildFile; fileRef = 91D854FB2986E2F600F82E11 /* DrawImageService.swift */; };
		91D854FE2986E39800F82E11 /* CGImagePainter.swift in Sources */ = {isa = PBXBuildFile; fileRef = 91D854FD2986E39800F82E11 /* CGImagePainter.swift */; };
		91E2DCE329A1288500755125 /* AsyncCameraService.swift in Sources */ = {isa = PBXBuildFile; fileRef = 91E2DCE229A1288500755125 /* AsyncCameraService.swift */; };
		91E2DCE529A12D6400755125 /* CameraServiceDependency.swift in Sources */ = {isa = PBXBuildFile; fileRef = 91E2DCE429A12D6400755125 /* CameraServiceDependency.swift */; };
		91E2DCE829A134EB00755125 /* PoseJointExtensions.swift in Sources */ = {isa = PBXBuildFile; fileRef = 91E2DCE729A134EB00755125 /* PoseJointExtensions.swift */; };
		91E773F729A527B000E44C9D /* StatisticsFeature.swift in Sources */ = {isa = PBXBuildFile; fileRef = 91E773F629A527B000E44C9D /* StatisticsFeature.swift */; };
		91E773F929A527D500E44C9D /* HomeFeature.swift in Sources */ = {isa = PBXBuildFile; fileRef = 91E773F829A527D500E44C9D /* HomeFeature.swift */; };
		91E773FC29A5282B00E44C9D /* GalleryFeature.swift in Sources */ = {isa = PBXBuildFile; fileRef = 91E773FB29A5282B00E44C9D /* GalleryFeature.swift */; };
		91E7740329A528B300E44C9D /* HomeView.swift in Sources */ = {isa = PBXBuildFile; fileRef = 91E7740229A528B300E44C9D /* HomeView.swift */; };
		91E7740529A5292200E44C9D /* StatisticsView.swift in Sources */ = {isa = PBXBuildFile; fileRef = 91E7740429A5292200E44C9D /* StatisticsView.swift */; };
		91E7740729A5294700E44C9D /* GalleryView.swift in Sources */ = {isa = PBXBuildFile; fileRef = 91E7740629A5294700E44C9D /* GalleryView.swift */; };
		91E7740A29A5370500E44C9D /* GalleryVideoPlayer.swift in Sources */ = {isa = PBXBuildFile; fileRef = 91E7740929A5370500E44C9D /* GalleryVideoPlayer.swift */; };
		91E7740C29A53BFB00E44C9D /* AppAVPlayer.swift in Sources */ = {isa = PBXBuildFile; fileRef = 91E7740B29A53BFB00E44C9D /* AppAVPlayer.swift */; };
/* End PBXBuildFile section */

/* Begin PBXFileReference section */
		9104AF5F2A1474CF004E0025 /* AVPlayer+State.swift */ = {isa = PBXFileReference; lastKnownFileType = sourcecode.swift; path = "AVPlayer+State.swift"; sourceTree = "<group>"; };
		911329A42A1934BC00BFF5CE /* Info.plist */ = {isa = PBXFileReference; lastKnownFileType = text.plist; path = Info.plist; sourceTree = "<group>"; };
		911329A62A19357E00BFF5CE /* PlankAppSceneDelegate.swift */ = {isa = PBXFileReference; lastKnownFileType = sourcecode.swift; path = PlankAppSceneDelegate.swift; sourceTree = "<group>"; };
		911329A82A19392600BFF5CE /* PlankAppDelegate.swift */ = {isa = PBXFileReference; lastKnownFileType = sourcecode.swift; path = PlankAppDelegate.swift; sourceTree = "<group>"; };
		911329AA2A193A6F00BFF5CE /* HUDWindowView.swift */ = {isa = PBXFileReference; lastKnownFileType = sourcecode.swift; path = HUDWindowView.swift; sourceTree = "<group>"; };
		911329B02A193D6E00BFF5CE /* HUDMessenger.swift */ = {isa = PBXFileReference; lastKnownFileType = sourcecode.swift; path = HUDMessenger.swift; sourceTree = "<group>"; };
		911329B22A193DAF00BFF5CE /* HUDMessage.swift */ = {isa = PBXFileReference; lastKnownFileType = sourcecode.swift; path = HUDMessage.swift; sourceTree = "<group>"; };
		911329B42A193DE300BFF5CE /* StaticHUDMessenger.swift */ = {isa = PBXFileReference; lastKnownFileType = sourcecode.swift; path = StaticHUDMessenger.swift; sourceTree = "<group>"; };
		911329B62A193E4C00BFF5CE /* HUDMessengerDelegate.swift */ = {isa = PBXFileReference; lastKnownFileType = sourcecode.swift; path = HUDMessengerDelegate.swift; sourceTree = "<group>"; };
		911329B92A193F3100BFF5CE /* HUDViewModel.swift */ = {isa = PBXFileReference; lastKnownFileType = sourcecode.swift; path = HUDViewModel.swift; sourceTree = "<group>"; };
		911C66BA2985940C00E7D4D4 /* AppBottomBar.swift */ = {isa = PBXFileReference; lastKnownFileType = sourcecode.swift; path = AppBottomBar.swift; sourceTree = "<group>"; };
		911C66BD298595C300E7D4D4 /* BottomBarCofficients.swift */ = {isa = PBXFileReference; lastKnownFileType = sourcecode.swift; path = BottomBarCofficients.swift; sourceTree = "<group>"; };
		911C66C1298597F700E7D4D4 /* BottomBarIcon.swift */ = {isa = PBXFileReference; lastKnownFileType = sourcecode.swift; path = BottomBarIcon.swift; sourceTree = "<group>"; };
		911C66C4298599F100E7D4D4 /* BottomBarImageNames.swift */ = {isa = PBXFileReference; lastKnownFileType = sourcecode.swift; path = BottomBarImageNames.swift; sourceTree = "<group>"; };
		911C66C629859D4000E7D4D4 /* BottomBarIcon_Previews.swift */ = {isa = PBXFileReference; lastKnownFileType = sourcecode.swift; path = BottomBarIcon_Previews.swift; sourceTree = "<group>"; };
		911C66C829859DC000E7D4D4 /* BottomBarColors.swift */ = {isa = PBXFileReference; lastKnownFileType = sourcecode.swift; path = BottomBarColors.swift; sourceTree = "<group>"; };
		911C66CA29859DEB00E7D4D4 /* AppColors.swift */ = {isa = PBXFileReference; lastKnownFileType = sourcecode.swift; path = AppColors.swift; sourceTree = "<group>"; };
		911C66CF2985A18900E7D4D4 /* BottomBar_Previews.swift */ = {isa = PBXFileReference; lastKnownFileType = sourcecode.swift; path = BottomBar_Previews.swift; sourceTree = "<group>"; };
		912797862997DD6300C07A4E /* PoseView.swift */ = {isa = PBXFileReference; lastKnownFileType = sourcecode.swift; path = PoseView.swift; sourceTree = "<group>"; };
		913059AC298ABF0E004155FD /* PoseDetectorDependency.swift */ = {isa = PBXFileReference; lastKnownFileType = sourcecode.swift; path = PoseDetectorDependency.swift; sourceTree = "<group>"; };
		913059AE298AC140004155FD /* DrawServiceDependency.swift */ = {isa = PBXFileReference; lastKnownFileType = sourcecode.swift; path = DrawServiceDependency.swift; sourceTree = "<group>"; };
		913059B0298AC22A004155FD /* WorkoutView_Previews.swift */ = {isa = PBXFileReference; lastKnownFileType = sourcecode.swift; path = WorkoutView_Previews.swift; sourceTree = "<group>"; };
		913059B2298AC377004155FD /* video.mp4 */ = {isa = PBXFileReference; lastKnownFileType = file; path = video.mp4; sourceTree = "<group>"; };
		91442EBC299FE72000F1C501 /* CameraConstants.swift */ = {isa = PBXFileReference; lastKnownFileType = sourcecode.swift; path = CameraConstants.swift; sourceTree = "<group>"; };
		91442EBE299FF02300F1C501 /* CameraFrameDelegate.swift */ = {isa = PBXFileReference; lastKnownFileType = sourcecode.swift; path = CameraFrameDelegate.swift; sourceTree = "<group>"; };
		91442EC0299FF0A000F1C501 /* CallbackTypes.swift */ = {isa = PBXFileReference; lastKnownFileType = sourcecode.swift; path = CallbackTypes.swift; sourceTree = "<group>"; };
		91442EC2299FF74B00F1C501 /* FrameManager.swift */ = {isa = PBXFileReference; fileEncoding = 4; lastKnownFileType = sourcecode.swift; path = FrameManager.swift; sourceTree = "<group>"; };
		914F72D729B23F850038104E /* AppAVPlayerDependency.swift */ = {isa = PBXFileReference; lastKnownFileType = sourcecode.swift; path = AppAVPlayerDependency.swift; sourceTree = "<group>"; };
		916656BE2AADD60800B9CD6D /* FrameGetter.swift */ = {isa = PBXFileReference; fileEncoding = 4; lastKnownFileType = sourcecode.swift; path = FrameGetter.swift; sourceTree = "<group>"; };
		916656BF2AADD60800B9CD6D /* MessageBox.swift */ = {isa = PBXFileReference; fileEncoding = 4; lastKnownFileType = sourcecode.swift; path = MessageBox.swift; sourceTree = "<group>"; };
		916656C12AADD60800B9CD6D /* MessageType.swift */ = {isa = PBXFileReference; fileEncoding = 4; lastKnownFileType = sourcecode.swift; path = MessageType.swift; sourceTree = "<group>"; };
		916656C62AADD70A00B9CD6D /* View+Apply.swift */ = {isa = PBXFileReference; lastKnownFileType = sourcecode.swift; path = "View+Apply.swift"; sourceTree = "<group>"; };
		916656C82AADDBB400B9CD6D /* AlertView.swift */ = {isa = PBXFileReference; lastKnownFileType = sourcecode.swift; path = AlertView.swift; sourceTree = "<group>"; };
		916656CA2AADDC2200B9CD6D /* AlertMessage_Preview.swift */ = {isa = PBXFileReference; lastKnownFileType = sourcecode.swift; path = AlertMessage_Preview.swift; sourceTree = "<group>"; };
		916656CC2AADE36C00B9CD6D /* LandscaprePose.png */ = {isa = PBXFileReference; lastKnownFileType = image.png; path = LandscaprePose.png; sourceTree = "<group>"; };
		916B08C42A15C7CC007E2FC8 /* SettingsView_Previews.swift */ = {isa = PBXFileReference; lastKnownFileType = sourcecode.swift; path = SettingsView_Previews.swift; sourceTree = "<group>"; };
		916B08C72A15C9DB007E2FC8 /* SettingsViewStrings.swift */ = {isa = PBXFileReference; lastKnownFileType = sourcecode.swift; path = SettingsViewStrings.swift; sourceTree = "<group>"; };
		9178EAED29B506DA00ACC9F8 /* SourceTimerState.swift */ = {isa = PBXFileReference; lastKnownFileType = sourcecode.swift; path = SourceTimerState.swift; sourceTree = "<group>"; };
		9178EAEF29B5073300ACC9F8 /* RepeatingTimer.swift */ = {isa = PBXFileReference; lastKnownFileType = sourcecode.swift; path = RepeatingTimer.swift; sourceTree = "<group>"; };
		917BD06C297EB49100F57E6D /* PlankPoseDetector.app */ = {isa = PBXFileReference; explicitFileType = wrapper.application; includeInIndex = 0; path = PlankPoseDetector.app; sourceTree = BUILT_PRODUCTS_DIR; };
		917BD06F297EB49100F57E6D /* PlankPoseDetectorApp.swift */ = {isa = PBXFileReference; lastKnownFileType = sourcecode.swift; path = PlankPoseDetectorApp.swift; sourceTree = "<group>"; };
		917BD073297EB49200F57E6D /* Assets.xcassets */ = {isa = PBXFileReference; lastKnownFileType = folder.assetcatalog; path = Assets.xcassets; sourceTree = "<group>"; };
		917BD076297EB49200F57E6D /* Preview Assets.xcassets */ = {isa = PBXFileReference; lastKnownFileType = folder.assetcatalog; path = "Preview Assets.xcassets"; sourceTree = "<group>"; };
		919594D429BCD6AB00BCB5C6 /* CameraPlaybackView_Previews.swift */ = {isa = PBXFileReference; lastKnownFileType = sourcecode.swift; path = CameraPlaybackView_Previews.swift; sourceTree = "<group>"; };
		919594D829BCD76200BCB5C6 /* PoseDetectionServicePreview.swift */ = {isa = PBXFileReference; lastKnownFileType = sourcecode.swift; path = PoseDetectionServicePreview.swift; sourceTree = "<group>"; };
		919594DB29BCDB8400BCB5C6 /* PosePreviewImage.jpg */ = {isa = PBXFileReference; lastKnownFileType = image.jpeg; path = PosePreviewImage.jpg; sourceTree = "<group>"; };
		919594DE29BCDE5A00BCB5C6 /* FrameView_Previews.swift */ = {isa = PBXFileReference; lastKnownFileType = sourcecode.swift; path = FrameView_Previews.swift; sourceTree = "<group>"; };
		919594E029BCDF3600BCB5C6 /* VideoPreviewImage.jpg */ = {isa = PBXFileReference; lastKnownFileType = image.jpeg; path = VideoPreviewImage.jpg; sourceTree = "<group>"; };
		91A30A152A0FA8F70004F4E2 /* VideoPlayerOverlay.swift */ = {isa = PBXFileReference; lastKnownFileType = sourcecode.swift; path = VideoPlayerOverlay.swift; sourceTree = "<group>"; };
		91A30A172A0FA98D0004F4E2 /* VideoPlayerOverlay_Preview.swift */ = {isa = PBXFileReference; lastKnownFileType = sourcecode.swift; path = VideoPlayerOverlay_Preview.swift; sourceTree = "<group>"; };
		91A30A1C2A0FAD660004F4E2 /* GalleryImageNames.swift */ = {isa = PBXFileReference; lastKnownFileType = sourcecode.swift; path = GalleryImageNames.swift; sourceTree = "<group>"; };
		91A30A222A0FB3FE0004F4E2 /* AppImageNames.swift */ = {isa = PBXFileReference; lastKnownFileType = sourcecode.swift; path = AppImageNames.swift; sourceTree = "<group>"; };
		91A52F58297EEBE8007857CE /* AppFeature.swift */ = {isa = PBXFileReference; lastKnownFileType = sourcecode.swift; path = AppFeature.swift; sourceTree = "<group>"; };
		91A52F5C297EECEC007857CE /* SettingsFeature.swift */ = {isa = PBXFileReference; lastKnownFileType = sourcecode.swift; path = SettingsFeature.swift; sourceTree = "<group>"; };
		91A52F5E297EED96007857CE /* WorkoutFeature.swift */ = {isa = PBXFileReference; lastKnownFileType = sourcecode.swift; path = WorkoutFeature.swift; sourceTree = "<group>"; };
		91A52F62297EEEE4007857CE /* MainView.swift */ = {isa = PBXFileReference; lastKnownFileType = sourcecode.swift; path = MainView.swift; sourceTree = "<group>"; };
		91A52F65297EEF1A007857CE /* MainView_Preview.swift */ = {isa = PBXFileReference; lastKnownFileType = sourcecode.swift; path = MainView_Preview.swift; sourceTree = "<group>"; };
		91A52F68297EF253007857CE /* MainViewTabEnum.swift */ = {isa = PBXFileReference; lastKnownFileType = sourcecode.swift; path = MainViewTabEnum.swift; sourceTree = "<group>"; };
		91A52F6C297EF4C3007857CE /* WorkoutView.swift */ = {isa = PBXFileReference; lastKnownFileType = sourcecode.swift; path = WorkoutView.swift; sourceTree = "<group>"; };
		91A52F6E297EF4D5007857CE /* SettingsView.swift */ = {isa = PBXFileReference; lastKnownFileType = sourcecode.swift; path = SettingsView.swift; sourceTree = "<group>"; };
		91A52F72297EFA1F007857CE /* PoseDetector.swift */ = {isa = PBXFileReference; lastKnownFileType = sourcecode.swift; path = PoseDetector.swift; sourceTree = "<group>"; };
		91A52F74297EFA34007857CE /* VisionPoseDetection.swift */ = {isa = PBXFileReference; lastKnownFileType = sourcecode.swift; path = VisionPoseDetection.swift; sourceTree = "<group>"; };
		91A52F77297EFBB1007857CE /* example.jpg */ = {isa = PBXFileReference; lastKnownFileType = image.jpeg; path = example.jpg; sourceTree = "<group>"; };
		91C3065629C6222400D87948 /* GalleryView_Previews.swift */ = {isa = PBXFileReference; lastKnownFileType = sourcecode.swift; path = GalleryView_Previews.swift; sourceTree = "<group>"; };
		91C3065929C6249500D87948 /* AppFileManager.swift */ = {isa = PBXFileReference; lastKnownFileType = sourcecode.swift; path = AppFileManager.swift; sourceTree = "<group>"; };
		91C3065B29C624C900D87948 /* NativeFileManager.swift */ = {isa = PBXFileReference; lastKnownFileType = sourcecode.swift; path = NativeFileManager.swift; sourceTree = "<group>"; };
		91C3065D29C6275100D87948 /* AppFileManagerDependency.swift */ = {isa = PBXFileReference; lastKnownFileType = sourcecode.swift; path = AppFileManagerDependency.swift; sourceTree = "<group>"; };
		91C3066029C6296800D87948 /* SavedVideoFile.swift */ = {isa = PBXFileReference; lastKnownFileType = sourcecode.swift; path = SavedVideoFile.swift; sourceTree = "<group>"; };
		91C3066329C62EBD00D87948 /* SavedFilesExplorer.swift */ = {isa = PBXFileReference; lastKnownFileType = sourcecode.swift; path = SavedFilesExplorer.swift; sourceTree = "<group>"; };
		91C8707E2AB0C4F700267A0A /* PoseEstimationService.swift */ = {isa = PBXFileReference; lastKnownFileType = sourcecode.swift; path = PoseEstimationService.swift; sourceTree = "<group>"; };
		91C870802AB0C56600267A0A /* PlankPoseEstimation.swift */ = {isa = PBXFileReference; lastKnownFileType = sourcecode.swift; path = PlankPoseEstimation.swift; sourceTree = "<group>"; };
		91C870822AB0C5D400267A0A /* PoseEstimationDependency.swift */ = {isa = PBXFileReference; lastKnownFileType = sourcecode.swift; path = PoseEstimationDependency.swift; sourceTree = "<group>"; };
		91CBEE5D2992C9830011DECB /* CameraPlaybackFeature.swift */ = {isa = PBXFileReference; lastKnownFileType = sourcecode.swift; path = CameraPlaybackFeature.swift; sourceTree = "<group>"; };
		91CBEE5F2992C9A20011DECB /* CameraFeature.swift */ = {isa = PBXFileReference; lastKnownFileType = sourcecode.swift; path = CameraFeature.swift; sourceTree = "<group>"; };
		91CBEE612992C9B30011DECB /* PoseDrawingFeature.swift */ = {isa = PBXFileReference; lastKnownFileType = sourcecode.swift; path = PoseDrawingFeature.swift; sourceTree = "<group>"; };
		91CBEE642992D1BC0011DECB /* CameraPlaybackView.swift */ = {isa = PBXFileReference; lastKnownFileType = sourcecode.swift; path = CameraPlaybackView.swift; sourceTree = "<group>"; };
		91CBEE672992D3590011DECB /* FrameView.swift */ = {isa = PBXFileReference; lastKnownFileType = sourcecode.swift; path = FrameView.swift; sourceTree = "<group>"; };
		91CBEE692992D4920011DECB /* CameraView.swift */ = {isa = PBXFileReference; lastKnownFileType = sourcecode.swift; path = CameraView.swift; sourceTree = "<group>"; };
		91CBEE6B2992D5D00011DECB /* CameraConfigurationState.swift */ = {isa = PBXFileReference; lastKnownFileType = sourcecode.swift; path = CameraConfigurationState.swift; sourceTree = "<group>"; };
		91D720602A1DA3D90097BD91 /* HUDMessagePriority.swift */ = {isa = PBXFileReference; lastKnownFileType = sourcecode.swift; path = HUDMessagePriority.swift; sourceTree = "<group>"; };
		91D720622A1DA4FC0097BD91 /* HUDMessengerDependency.swift */ = {isa = PBXFileReference; lastKnownFileType = sourcecode.swift; path = HUDMessengerDependency.swift; sourceTree = "<group>"; };
		91D720642A1DA7740097BD91 /* HUDUIWindow.swift */ = {isa = PBXFileReference; lastKnownFileType = sourcecode.swift; path = HUDUIWindow.swift; sourceTree = "<group>"; };
		91D854F72986DAE300F82E11 /* PoseJoint.swift */ = {isa = PBXFileReference; lastKnownFileType = sourcecode.swift; path = PoseJoint.swift; sourceTree = "<group>"; };
		91D854FB2986E2F600F82E11 /* DrawImageService.swift */ = {isa = PBXFileReference; lastKnownFileType = sourcecode.swift; path = DrawImageService.swift; sourceTree = "<group>"; };
		91D854FD2986E39800F82E11 /* CGImagePainter.swift */ = {isa = PBXFileReference; lastKnownFileType = sourcecode.swift; path = CGImagePainter.swift; sourceTree = "<group>"; };
		91E2DCE229A1288500755125 /* AsyncCameraService.swift */ = {isa = PBXFileReference; lastKnownFileType = sourcecode.swift; path = AsyncCameraService.swift; sourceTree = "<group>"; };
		91E2DCE429A12D6400755125 /* CameraServiceDependency.swift */ = {isa = PBXFileReference; lastKnownFileType = sourcecode.swift; path = CameraServiceDependency.swift; sourceTree = "<group>"; };
		91E2DCE729A134EB00755125 /* PoseJointExtensions.swift */ = {isa = PBXFileReference; lastKnownFileType = sourcecode.swift; path = PoseJointExtensions.swift; sourceTree = "<group>"; };
		91E773F629A527B000E44C9D /* StatisticsFeature.swift */ = {isa = PBXFileReference; lastKnownFileType = sourcecode.swift; path = StatisticsFeature.swift; sourceTree = "<group>"; };
		91E773F829A527D500E44C9D /* HomeFeature.swift */ = {isa = PBXFileReference; lastKnownFileType = sourcecode.swift; path = HomeFeature.swift; sourceTree = "<group>"; };
		91E773FB29A5282B00E44C9D /* GalleryFeature.swift */ = {isa = PBXFileReference; lastKnownFileType = sourcecode.swift; path = GalleryFeature.swift; sourceTree = "<group>"; };
		91E7740229A528B300E44C9D /* HomeView.swift */ = {isa = PBXFileReference; lastKnownFileType = sourcecode.swift; path = HomeView.swift; sourceTree = "<group>"; };
		91E7740429A5292200E44C9D /* StatisticsView.swift */ = {isa = PBXFileReference; lastKnownFileType = sourcecode.swift; path = StatisticsView.swift; sourceTree = "<group>"; };
		91E7740629A5294700E44C9D /* GalleryView.swift */ = {isa = PBXFileReference; lastKnownFileType = sourcecode.swift; path = GalleryView.swift; sourceTree = "<group>"; };
		91E7740929A5370500E44C9D /* GalleryVideoPlayer.swift */ = {isa = PBXFileReference; lastKnownFileType = sourcecode.swift; path = GalleryVideoPlayer.swift; sourceTree = "<group>"; };
		91E7740B29A53BFB00E44C9D /* AppAVPlayer.swift */ = {isa = PBXFileReference; lastKnownFileType = sourcecode.swift; path = AppAVPlayer.swift; sourceTree = "<group>"; };
/* End PBXFileReference section */

/* Begin PBXFrameworksBuildPhase section */
		917BD069297EB49100F57E6D /* Frameworks */ = {
			isa = PBXFrameworksBuildPhase;
			buildActionMask = 2147483647;
			files = (
				91A52F54297EEB31007857CE /* ComposableArchitecture in Frameworks */,
				911C66CE29859ED000E7D4D4 /* SwiftDevPackage in Frameworks */,
			);
			runOnlyForDeploymentPostprocessing = 0;
		};
/* End PBXFrameworksBuildPhase section */

/* Begin PBXGroup section */
		911329A52A19356900BFF5CE /* Delegates */ = {
			isa = PBXGroup;
			children = (
				911329A62A19357E00BFF5CE /* PlankAppSceneDelegate.swift */,
				911329A82A19392600BFF5CE /* PlankAppDelegate.swift */,
			);
			path = Delegates;
			sourceTree = "<group>";
		};
		911329AF2A193D4B00BFF5CE /* HUDMessenger */ = {
			isa = PBXGroup;
			children = (
				911329B02A193D6E00BFF5CE /* HUDMessenger.swift */,
				911329B42A193DE300BFF5CE /* StaticHUDMessenger.swift */,
				91D720602A1DA3D90097BD91 /* HUDMessagePriority.swift */,
			);
			path = HUDMessenger;
			sourceTree = "<group>";
		};
		911329B82A193F0F00BFF5CE /* HUDMessenger */ = {
			isa = PBXGroup;
			children = (
				911329B62A193E4C00BFF5CE /* HUDMessengerDelegate.swift */,
				911329B22A193DAF00BFF5CE /* HUDMessage.swift */,
				91D720642A1DA7740097BD91 /* HUDUIWindow.swift */,
			);
			path = HUDMessenger;
			sourceTree = "<group>";
		};
		911C66B9298593F700E7D4D4 /* SubViews */ = {
			isa = PBXGroup;
			children = (
				911C66BA2985940C00E7D4D4 /* AppBottomBar.swift */,
				911C66C1298597F700E7D4D4 /* BottomBarIcon.swift */,
			);
			path = SubViews;
			sourceTree = "<group>";
		};
		911C66BC298595AA00E7D4D4 /* Consts */ = {
			isa = PBXGroup;
			children = (
				916B08C62A15C9BF007E2FC8 /* Settings */,
				91A30A1B2A0FAD4D0004F4E2 /* Gallery */,
				91442EBB299FE70A00F1C501 /* Camera */,
				911C66C3298599C900E7D4D4 /* BottomBar */,
				911C66CA29859DEB00E7D4D4 /* AppColors.swift */,
				91A30A222A0FB3FE0004F4E2 /* AppImageNames.swift */,
			);
			path = Consts;
			sourceTree = "<group>";
		};
		911C66C3298599C900E7D4D4 /* BottomBar */ = {
			isa = PBXGroup;
			children = (
				911C66BD298595C300E7D4D4 /* BottomBarCofficients.swift */,
				911C66C4298599F100E7D4D4 /* BottomBarImageNames.swift */,
				911C66C829859DC000E7D4D4 /* BottomBarColors.swift */,
			);
			path = BottomBar;
			sourceTree = "<group>";
		};
		913059AB298ABED0004155FD /* Dependencies */ = {
			isa = PBXGroup;
			children = (
				919594D729BCD72A00BCB5C6 /* Preview */,
				919594D629BCD71E00BCB5C6 /* Prod */,
			);
			path = Dependencies;
			sourceTree = "<group>";
		};
		91442EBB299FE70A00F1C501 /* Camera */ = {
			isa = PBXGroup;
			children = (
				91442EBC299FE72000F1C501 /* CameraConstants.swift */,
			);
			path = Camera;
			sourceTree = "<group>";
		};
		916656BC2AADD60800B9CD6D /* MessageBox */ = {
			isa = PBXGroup;
			children = (
				916656BD2AADD60800B9CD6D /* Modificators */,
				916656C02AADD60800B9CD6D /* Model */,
				916656BF2AADD60800B9CD6D /* MessageBox.swift */,
			);
			path = MessageBox;
			sourceTree = "<group>";
		};
		916656BD2AADD60800B9CD6D /* Modificators */ = {
			isa = PBXGroup;
			children = (
				916656BE2AADD60800B9CD6D /* FrameGetter.swift */,
			);
			path = Modificators;
			sourceTree = "<group>";
		};
		916656C02AADD60800B9CD6D /* Model */ = {
			isa = PBXGroup;
			children = (
				916656C12AADD60800B9CD6D /* MessageType.swift */,
			);
			path = Model;
			sourceTree = "<group>";
		};
		916B08C32A15C7AA007E2FC8 /* Previews */ = {
			isa = PBXGroup;
			children = (
				916B08C42A15C7CC007E2FC8 /* SettingsView_Previews.swift */,
			);
			path = Previews;
			sourceTree = "<group>";
		};
		916B08C62A15C9BF007E2FC8 /* Settings */ = {
			isa = PBXGroup;
			children = (
				916B08C72A15C9DB007E2FC8 /* SettingsViewStrings.swift */,
			);
			path = Settings;
			sourceTree = "<group>";
		};
		9178EAEB29B506A300ACC9F8 /* Helpers */ = {
			isa = PBXGroup;
			children = (
				911329A52A19356900BFF5CE /* Delegates */,
				9178EAEC29B506AA00ACC9F8 /* DispatchSourceTimer */,
			);
			path = Helpers;
			sourceTree = "<group>";
		};
		9178EAEC29B506AA00ACC9F8 /* DispatchSourceTimer */ = {
			isa = PBXGroup;
			children = (
				9178EAED29B506DA00ACC9F8 /* SourceTimerState.swift */,
				9178EAEF29B5073300ACC9F8 /* RepeatingTimer.swift */,
			);
			path = DispatchSourceTimer;
			sourceTree = "<group>";
		};
		917BD063297EB49100F57E6D = {
			isa = PBXGroup;
			children = (
				917BD06E297EB49100F57E6D /* PlankPoseDetector */,
				917BD06D297EB49100F57E6D /* Products */,
			);
			sourceTree = "<group>";
		};
		917BD06D297EB49100F57E6D /* Products */ = {
			isa = PBXGroup;
			children = (
				917BD06C297EB49100F57E6D /* PlankPoseDetector.app */,
			);
			name = Products;
			sourceTree = "<group>";
		};
		917BD06E297EB49100F57E6D /* PlankPoseDetector */ = {
			isa = PBXGroup;
			children = (
				911329A42A1934BC00BFF5CE /* Info.plist */,
				9178EAEB29B506A300ACC9F8 /* Helpers */,
				91A52F76297EFBB1007857CE /* SupportingFiles */,
				91A52F70297EFA03007857CE /* Services */,
				91A52F55297EEB81007857CE /* Model */,
				91A52F60297EEEC9007857CE /* Views */,
				917BD06F297EB49100F57E6D /* PlankPoseDetectorApp.swift */,
				917BD075297EB49200F57E6D /* Preview Content */,
			);
			path = PlankPoseDetector;
			sourceTree = "<group>";
		};
		917BD075297EB49200F57E6D /* Preview Content */ = {
			isa = PBXGroup;
			children = (
				917BD076297EB49200F57E6D /* Preview Assets.xcassets */,
			);
			path = "Preview Content";
			sourceTree = "<group>";
		};
		919594D329BCD69100BCB5C6 /* Previews */ = {
			isa = PBXGroup;
			children = (
				919594D429BCD6AB00BCB5C6 /* CameraPlaybackView_Previews.swift */,
			);
			path = Previews;
			sourceTree = "<group>";
		};
		919594D629BCD71E00BCB5C6 /* Prod */ = {
			isa = PBXGroup;
			children = (
				913059AC298ABF0E004155FD /* PoseDetectorDependency.swift */,
				913059AE298AC140004155FD /* DrawServiceDependency.swift */,
				91E2DCE429A12D6400755125 /* CameraServiceDependency.swift */,
				914F72D729B23F850038104E /* AppAVPlayerDependency.swift */,
				91C3065D29C6275100D87948 /* AppFileManagerDependency.swift */,
				91D720622A1DA4FC0097BD91 /* HUDMessengerDependency.swift */,
				91C870822AB0C5D400267A0A /* PoseEstimationDependency.swift */,
			);
			path = Prod;
			sourceTree = "<group>";
		};
		919594D729BCD72A00BCB5C6 /* Preview */ = {
			isa = PBXGroup;
			children = (
				919594D829BCD76200BCB5C6 /* PoseDetectionServicePreview.swift */,
			);
			path = Preview;
			sourceTree = "<group>";
		};
		919594DA29BCDAB300BCB5C6 /* PreviewData */ = {
			isa = PBXGroup;
			children = (
				916656CC2AADE36C00B9CD6D /* LandscaprePose.png */,
				919594E029BCDF3600BCB5C6 /* VideoPreviewImage.jpg */,
				919594DB29BCDB8400BCB5C6 /* PosePreviewImage.jpg */,
			);
			path = PreviewData;
			sourceTree = "<group>";
		};
		919594E229BCDF6500BCB5C6 /* CommonViews */ = {
			isa = PBXGroup;
			children = (
				916656BC2AADD60800B9CD6D /* MessageBox */,
				91D7205F2A1DA33B0097BD91 /* HUDWindow */,
				919594E329BCDF7C00BCB5C6 /* Preview */,
				91CBEE672992D3590011DECB /* FrameView.swift */,
			);
			path = CommonViews;
			sourceTree = "<group>";
		};
		919594E329BCDF7C00BCB5C6 /* Preview */ = {
			isa = PBXGroup;
			children = (
				919594DE29BCDE5A00BCB5C6 /* FrameView_Previews.swift */,
				916656CA2AADDC2200B9CD6D /* AlertMessage_Preview.swift */,
			);
			path = Preview;
			sourceTree = "<group>";
		};
		91A30A1B2A0FAD4D0004F4E2 /* Gallery */ = {
			isa = PBXGroup;
			children = (
				91A30A1C2A0FAD660004F4E2 /* GalleryImageNames.swift */,
			);
			path = Gallery;
			sourceTree = "<group>";
		};
		91A52F55297EEB81007857CE /* Model */ = {
			isa = PBXGroup;
			children = (
				911329B82A193F0F00BFF5CE /* HUDMessenger */,
				91C3065F29C6294200D87948 /* FileManagement */,
				91E2DCE629A134D400755125 /* Extensions */,
				91D854F62986DA9A00F82E11 /* Pose */,
				911C66BC298595AA00E7D4D4 /* Consts */,
				91A52F67297EF23C007857CE /* Enums */,
				91A52F56297EEBAB007857CE /* Flux */,
				91442EC0299FF0A000F1C501 /* CallbackTypes.swift */,
			);
			path = Model;
			sourceTree = "<group>";
		};
		91A52F56297EEBAB007857CE /* Flux */ = {
			isa = PBXGroup;
			children = (
				91E773FD29A5283D00E44C9D /* MainTabs */,
				91CBEE5C2992C95C0011DECB /* CameraPlaybackFeature */,
				913059AB298ABED0004155FD /* Dependencies */,
				91A52F5B297EECC1007857CE /* WorkoutFeature */,
				91A52F57297EEBBD007857CE /* AppFeature */,
			);
			path = Flux;
			sourceTree = "<group>";
		};
		91A52F57297EEBBD007857CE /* AppFeature */ = {
			isa = PBXGroup;
			children = (
				91A52F58297EEBE8007857CE /* AppFeature.swift */,
			);
			path = AppFeature;
			sourceTree = "<group>";
		};
		91A52F5A297EECB7007857CE /* SettingsFeature */ = {
			isa = PBXGroup;
			children = (
				91A52F5C297EECEC007857CE /* SettingsFeature.swift */,
			);
			path = SettingsFeature;
			sourceTree = "<group>";
		};
		91A52F5B297EECC1007857CE /* WorkoutFeature */ = {
			isa = PBXGroup;
			children = (
				91A52F5E297EED96007857CE /* WorkoutFeature.swift */,
			);
			path = WorkoutFeature;
			sourceTree = "<group>";
		};
		91A52F60297EEEC9007857CE /* Views */ = {
			isa = PBXGroup;
			children = (
				919594E229BCDF6500BCB5C6 /* CommonViews */,
				91E773FE29A5285C00E44C9D /* MainTabs */,
				91CBEE632992D1A30011DECB /* CameraPlayback */,
				91A52F6B297EF4AD007857CE /* Workout */,
				91A52F61297EEED1007857CE /* MainView */,
			);
			path = Views;
			sourceTree = "<group>";
		};
		91A52F61297EEED1007857CE /* MainView */ = {
			isa = PBXGroup;
			children = (
				911C66B9298593F700E7D4D4 /* SubViews */,
				91A52F64297EEEF8007857CE /* Preview */,
				91A52F62297EEEE4007857CE /* MainView.swift */,
			);
			path = MainView;
			sourceTree = "<group>";
		};
		91A52F64297EEEF8007857CE /* Preview */ = {
			isa = PBXGroup;
			children = (
				91A52F65297EEF1A007857CE /* MainView_Preview.swift */,
				911C66C629859D4000E7D4D4 /* BottomBarIcon_Previews.swift */,
				911C66CF2985A18900E7D4D4 /* BottomBar_Previews.swift */,
			);
			path = Preview;
			sourceTree = "<group>";
		};
		91A52F67297EF23C007857CE /* Enums */ = {
			isa = PBXGroup;
			children = (
				91A52F68297EF253007857CE /* MainViewTabEnum.swift */,
				91CBEE6B2992D5D00011DECB /* CameraConfigurationState.swift */,
			);
			path = Enums;
			sourceTree = "<group>";
		};
		91A52F6A297EF4A6007857CE /* Settings */ = {
			isa = PBXGroup;
			children = (
				916B08C32A15C7AA007E2FC8 /* Previews */,
				91A52F6E297EF4D5007857CE /* SettingsView.swift */,
			);
			path = Settings;
			sourceTree = "<group>";
		};
		91A52F6B297EF4AD007857CE /* Workout */ = {
			isa = PBXGroup;
			children = (
				91D854F92986DF8200F82E11 /* Previews */,
				91A52F6C297EF4C3007857CE /* WorkoutView.swift */,
			);
			path = Workout;
			sourceTree = "<group>";
		};
		91A52F70297EFA03007857CE /* Services */ = {
			isa = PBXGroup;
			children = (
				91C8707D2AB0C4CB00267A0A /* PoseEstimation */,
				911329AF2A193D4B00BFF5CE /* HUDMessenger */,
				91C3065829C6248200D87948 /* FileStorageManager */,
				91E7740829A536EE00E44C9D /* VideoPlayer */,
				91B064652996BEDB007461A6 /* Camera */,
				91D854FA2986E2D100F82E11 /* DrawPoseOnImage */,
				91A52F71297EFA0A007857CE /* PoseDetection */,
			);
			path = Services;
			sourceTree = "<group>";
		};
		91A52F71297EFA0A007857CE /* PoseDetection */ = {
			isa = PBXGroup;
			children = (
				91A52F72297EFA1F007857CE /* PoseDetector.swift */,
				91A52F74297EFA34007857CE /* VisionPoseDetection.swift */,
			);
			path = PoseDetection;
			sourceTree = "<group>";
		};
		91A52F76297EFBB1007857CE /* SupportingFiles */ = {
			isa = PBXGroup;
			children = (
				919594DA29BCDAB300BCB5C6 /* PreviewData */,
				913059B2298AC377004155FD /* video.mp4 */,
				917BD073297EB49200F57E6D /* Assets.xcassets */,
				91A52F77297EFBB1007857CE /* example.jpg */,
			);
			path = SupportingFiles;
			sourceTree = "<group>";
		};
		91B064652996BEDB007461A6 /* Camera */ = {
			isa = PBXGroup;
			children = (
				91442EC2299FF74B00F1C501 /* FrameManager.swift */,
				91442EBE299FF02300F1C501 /* CameraFrameDelegate.swift */,
				91E2DCE229A1288500755125 /* AsyncCameraService.swift */,
			);
			path = Camera;
			sourceTree = "<group>";
		};
		91C3065529C621FF00D87948 /* Previews */ = {
			isa = PBXGroup;
			children = (
				91C3065629C6222400D87948 /* GalleryView_Previews.swift */,
				91A30A172A0FA98D0004F4E2 /* VideoPlayerOverlay_Preview.swift */,
			);
			path = Previews;
			sourceTree = "<group>";
		};
		91C3065829C6248200D87948 /* FileStorageManager */ = {
			isa = PBXGroup;
			children = (
				91C3065929C6249500D87948 /* AppFileManager.swift */,
				91C3065B29C624C900D87948 /* NativeFileManager.swift */,
			);
			path = FileStorageManager;
			sourceTree = "<group>";
		};
		91C3065F29C6294200D87948 /* FileManagement */ = {
			isa = PBXGroup;
			children = (
				91C3066029C6296800D87948 /* SavedVideoFile.swift */,
			);
			path = FileManagement;
			sourceTree = "<group>";
		};
		91C3066229C62EA000D87948 /* SubViews */ = {
			isa = PBXGroup;
			children = (
				91C3066329C62EBD00D87948 /* SavedFilesExplorer.swift */,
				91A30A152A0FA8F70004F4E2 /* VideoPlayerOverlay.swift */,
			);
			path = SubViews;
			sourceTree = "<group>";
		};
		91C8707D2AB0C4CB00267A0A /* PoseEstimation */ = {
			isa = PBXGroup;
			children = (
				91C8707E2AB0C4F700267A0A /* PoseEstimationService.swift */,
				91C870802AB0C56600267A0A /* PlankPoseEstimation.swift */,
			);
			path = PoseEstimation;
			sourceTree = "<group>";
		};
		91CBEE5C2992C95C0011DECB /* CameraPlaybackFeature */ = {
			isa = PBXGroup;
			children = (
				91CBEE5D2992C9830011DECB /* CameraPlaybackFeature.swift */,
				91CBEE5F2992C9A20011DECB /* CameraFeature.swift */,
				91CBEE612992C9B30011DECB /* PoseDrawingFeature.swift */,
			);
			path = CameraPlaybackFeature;
			sourceTree = "<group>";
		};
		91CBEE632992D1A30011DECB /* CameraPlayback */ = {
			isa = PBXGroup;
			children = (
				919594D329BCD69100BCB5C6 /* Previews */,
				91CBEE662992D34B0011DECB /* SubViews */,
				91CBEE642992D1BC0011DECB /* CameraPlaybackView.swift */,
			);
			path = CameraPlayback;
			sourceTree = "<group>";
		};
		91CBEE662992D34B0011DECB /* SubViews */ = {
			isa = PBXGroup;
			children = (
				91CBEE692992D4920011DECB /* CameraView.swift */,
				912797862997DD6300C07A4E /* PoseView.swift */,
			);
			path = SubViews;
			sourceTree = "<group>";
		};
		91D7205F2A1DA33B0097BD91 /* HUDWindow */ = {
			isa = PBXGroup;
			children = (
				911329B92A193F3100BFF5CE /* HUDViewModel.swift */,
				911329AA2A193A6F00BFF5CE /* HUDWindowView.swift */,
				916656C82AADDBB400B9CD6D /* AlertView.swift */,
			);
			path = HUDWindow;
			sourceTree = "<group>";
		};
		91D854F62986DA9A00F82E11 /* Pose */ = {
			isa = PBXGroup;
			children = (
				91D854F72986DAE300F82E11 /* PoseJoint.swift */,
			);
			path = Pose;
			sourceTree = "<group>";
		};
		91D854F92986DF8200F82E11 /* Previews */ = {
			isa = PBXGroup;
			children = (
				913059B0298AC22A004155FD /* WorkoutView_Previews.swift */,
			);
			path = Previews;
			sourceTree = "<group>";
		};
		91D854FA2986E2D100F82E11 /* DrawPoseOnImage */ = {
			isa = PBXGroup;
			children = (
				91D854FB2986E2F600F82E11 /* DrawImageService.swift */,
				91D854FD2986E39800F82E11 /* CGImagePainter.swift */,
			);
			path = DrawPoseOnImage;
			sourceTree = "<group>";
		};
		91E2DCE629A134D400755125 /* Extensions */ = {
			isa = PBXGroup;
			children = (
				916656C62AADD70A00B9CD6D /* View+Apply.swift */,
				91E2DCE729A134EB00755125 /* PoseJointExtensions.swift */,
				9104AF5F2A1474CF004E0025 /* AVPlayer+State.swift */,
			);
			path = Extensions;
			sourceTree = "<group>";
		};
		91E773F429A5276400E44C9D /* HomeFeature */ = {
			isa = PBXGroup;
			children = (
				91E773F829A527D500E44C9D /* HomeFeature.swift */,
			);
			path = HomeFeature;
			sourceTree = "<group>";
		};
		91E773F529A5277100E44C9D /* StatisticsFeature */ = {
			isa = PBXGroup;
			children = (
				91E773F629A527B000E44C9D /* StatisticsFeature.swift */,
			);
			path = StatisticsFeature;
			sourceTree = "<group>";
		};
		91E773FA29A527F100E44C9D /* GalleryFeature */ = {
			isa = PBXGroup;
			children = (
				91E773FB29A5282B00E44C9D /* GalleryFeature.swift */,
			);
			path = GalleryFeature;
			sourceTree = "<group>";
		};
		91E773FD29A5283D00E44C9D /* MainTabs */ = {
			isa = PBXGroup;
			children = (
				91A52F5A297EECB7007857CE /* SettingsFeature */,
				91E773FA29A527F100E44C9D /* GalleryFeature */,
				91E773F529A5277100E44C9D /* StatisticsFeature */,
				91E773F429A5276400E44C9D /* HomeFeature */,
			);
			path = MainTabs;
			sourceTree = "<group>";
		};
		91E773FE29A5285C00E44C9D /* MainTabs */ = {
			isa = PBXGroup;
			children = (
				91E7740129A5288B00E44C9D /* Gallery */,
				91E7740029A5287900E44C9D /* Statistics */,
				91E773FF29A5287100E44C9D /* Home */,
				91A52F6A297EF4A6007857CE /* Settings */,
			);
			path = MainTabs;
			sourceTree = "<group>";
		};
		91E773FF29A5287100E44C9D /* Home */ = {
			isa = PBXGroup;
			children = (
				91E7740229A528B300E44C9D /* HomeView.swift */,
			);
			path = Home;
			sourceTree = "<group>";
		};
		91E7740029A5287900E44C9D /* Statistics */ = {
			isa = PBXGroup;
			children = (
				91E7740429A5292200E44C9D /* StatisticsView.swift */,
			);
			path = Statistics;
			sourceTree = "<group>";
		};
		91E7740129A5288B00E44C9D /* Gallery */ = {
			isa = PBXGroup;
			children = (
				91C3066229C62EA000D87948 /* SubViews */,
				91C3065529C621FF00D87948 /* Previews */,
				91E7740629A5294700E44C9D /* GalleryView.swift */,
			);
			path = Gallery;
			sourceTree = "<group>";
		};
		91E7740829A536EE00E44C9D /* VideoPlayer */ = {
			isa = PBXGroup;
			children = (
				91E7740929A5370500E44C9D /* GalleryVideoPlayer.swift */,
				91E7740B29A53BFB00E44C9D /* AppAVPlayer.swift */,
			);
			path = VideoPlayer;
			sourceTree = "<group>";
		};
/* End PBXGroup section */

/* Begin PBXNativeTarget section */
		917BD06B297EB49100F57E6D /* PlankPoseDetector */ = {
			isa = PBXNativeTarget;
			buildConfigurationList = 917BD07A297EB49200F57E6D /* Build configuration list for PBXNativeTarget "PlankPoseDetector" */;
			buildPhases = (
				919594D229BCD27C00BCB5C6 /* ShellScript */,
				917BD068297EB49100F57E6D /* Sources */,
				917BD069297EB49100F57E6D /* Frameworks */,
				917BD06A297EB49100F57E6D /* Resources */,
			);
			buildRules = (
			);
			dependencies = (
			);
			name = PlankPoseDetector;
			packageProductDependencies = (
				91A52F53297EEB31007857CE /* ComposableArchitecture */,
				911C66CD29859ED000E7D4D4 /* SwiftDevPackage */,
			);
			productName = PlankPoseDetector;
			productReference = 917BD06C297EB49100F57E6D /* PlankPoseDetector.app */;
			productType = "com.apple.product-type.application";
		};
/* End PBXNativeTarget section */

/* Begin PBXProject section */
		917BD064297EB49100F57E6D /* Project object */ = {
			isa = PBXProject;
			attributes = {
				BuildIndependentTargetsInParallel = 1;
				LastSwiftUpdateCheck = 1420;
				LastUpgradeCheck = 1420;
				TargetAttributes = {
					917BD06B297EB49100F57E6D = {
						CreatedOnToolsVersion = 14.2;
					};
				};
			};
			buildConfigurationList = 917BD067297EB49100F57E6D /* Build configuration list for PBXProject "PlankPoseDetector" */;
			compatibilityVersion = "Xcode 14.0";
			developmentRegion = en;
			hasScannedForEncodings = 0;
			knownRegions = (
				en,
				Base,
			);
			mainGroup = 917BD063297EB49100F57E6D;
			packageReferences = (
				91A52F52297EEB31007857CE /* XCRemoteSwiftPackageReference "swift-composable-architecture" */,
				911C66CC29859ED000E7D4D4 /* XCRemoteSwiftPackageReference "SwiftDeveloperPackage" */,
			);
			productRefGroup = 917BD06D297EB49100F57E6D /* Products */;
			projectDirPath = "";
			projectRoot = "";
			targets = (
				917BD06B297EB49100F57E6D /* PlankPoseDetector */,
			);
		};
/* End PBXProject section */

/* Begin PBXResourcesBuildPhase section */
		917BD06A297EB49100F57E6D /* Resources */ = {
			isa = PBXResourcesBuildPhase;
			buildActionMask = 2147483647;
			files = (
				919594E129BCDF3700BCB5C6 /* VideoPreviewImage.jpg in Resources */,
				916656CD2AADE36C00B9CD6D /* LandscaprePose.png in Resources */,
				91A52F78297EFBB1007857CE /* example.jpg in Resources */,
				917BD077297EB49200F57E6D /* Preview Assets.xcassets in Resources */,
				917BD074297EB49200F57E6D /* Assets.xcassets in Resources */,
				913059B3298AC377004155FD /* video.mp4 in Resources */,
				919594DD29BCDD8900BCB5C6 /* PosePreviewImage.jpg in Resources */,
			);
			runOnlyForDeploymentPostprocessing = 0;
		};
/* End PBXResourcesBuildPhase section */

/* Begin PBXShellScriptBuildPhase section */
		919594D229BCD27C00BCB5C6 /* ShellScript */ = {
			isa = PBXShellScriptBuildPhase;
			buildActionMask = 2147483647;
			files = (
			);
			inputFileListPaths = (
			);
			inputPaths = (
			);
			outputFileListPaths = (
			);
			outputPaths = (
			);
			runOnlyForDeploymentPostprocessing = 0;
			shellPath = /bin/sh;
			shellScript = "if test -d \"/opt/homebrew/bin/\"; then\n  PATH=\"/opt/homebrew/bin/:${PATH}\"\nfi\n\nexport PATH\n\nif which swiftlint >/dev/null; then\n  swiftlint\nelse\n  echo \"error: SwiftLint does not exist, download it from https://github.com/realm/SwiftLint\"\n  exit 1\nfi\n";
		};
/* End PBXShellScriptBuildPhase section */

/* Begin PBXSourcesBuildPhase section */
		917BD068297EB49100F57E6D /* Sources */ = {
			isa = PBXSourcesBuildPhase;
			buildActionMask = 2147483647;
			files = (
				91442EBD299FE72000F1C501 /* CameraConstants.swift in Sources */,
				91A52F59297EEBE8007857CE /* AppFeature.swift in Sources */,
				911329B72A193E4C00BFF5CE /* HUDMessengerDelegate.swift in Sources */,
				91A52F63297EEEE4007857CE /* MainView.swift in Sources */,
				911C66BE298595C300E7D4D4 /* BottomBarCofficients.swift in Sources */,
				916656C72AADD70A00B9CD6D /* View+Apply.swift in Sources */,
				91A30A162A0FA8F70004F4E2 /* VideoPlayerOverlay.swift in Sources */,
				911C66C2298597F700E7D4D4 /* BottomBarIcon.swift in Sources */,
				91D720632A1DA4FC0097BD91 /* HUDMessengerDependency.swift in Sources */,
				91E7740329A528B300E44C9D /* HomeView.swift in Sources */,
				91A52F6D297EF4C3007857CE /* WorkoutView.swift in Sources */,
				91A30A182A0FA98D0004F4E2 /* VideoPlayerOverlay_Preview.swift in Sources */,
				911329B32A193DAF00BFF5CE /* HUDMessage.swift in Sources */,
				911329A92A19392600BFF5CE /* PlankAppDelegate.swift in Sources */,
				91A52F6F297EF4D5007857CE /* SettingsView.swift in Sources */,
				91E2DCE829A134EB00755125 /* PoseJointExtensions.swift in Sources */,
				916656C42AADD60800B9CD6D /* MessageType.swift in Sources */,
				911C66C929859DC000E7D4D4 /* BottomBarColors.swift in Sources */,
				91A30A1D2A0FAD660004F4E2 /* GalleryImageNames.swift in Sources */,
				91E773F929A527D500E44C9D /* HomeFeature.swift in Sources */,
				91C3065729C6222400D87948 /* GalleryView_Previews.swift in Sources */,
				9104AF602A1474CF004E0025 /* AVPlayer+State.swift in Sources */,
				912797872997DD6300C07A4E /* PoseView.swift in Sources */,
				91CBEE6A2992D4920011DECB /* CameraView.swift in Sources */,
				91C3066429C62EBD00D87948 /* SavedFilesExplorer.swift in Sources */,
				91A52F5F297EED96007857CE /* WorkoutFeature.swift in Sources */,
				91E773F729A527B000E44C9D /* StatisticsFeature.swift in Sources */,
				911329B52A193DE300BFF5CE /* StaticHUDMessenger.swift in Sources */,
				9178EAF029B5073300ACC9F8 /* RepeatingTimer.swift in Sources */,
				91C870832AB0C5D400267A0A /* PoseEstimationDependency.swift in Sources */,
				91C3065C29C624C900D87948 /* NativeFileManager.swift in Sources */,
				91CBEE652992D1BC0011DECB /* CameraPlaybackView.swift in Sources */,
				91A52F66297EEF1A007857CE /* MainView_Preview.swift in Sources */,
				91E7740C29A53BFB00E44C9D /* AppAVPlayer.swift in Sources */,
				911C66CB29859DEB00E7D4D4 /* AppColors.swift in Sources */,
				91CBEE602992C9A20011DECB /* CameraFeature.swift in Sources */,
				911C66D02985A18900E7D4D4 /* BottomBar_Previews.swift in Sources */,
				91D854FC2986E2F600F82E11 /* DrawImageService.swift in Sources */,
				91D720652A1DA7740097BD91 /* HUDUIWindow.swift in Sources */,
				91CBEE622992C9B30011DECB /* PoseDrawingFeature.swift in Sources */,
				913059AF298AC140004155FD /* DrawServiceDependency.swift in Sources */,
				911C66C5298599F100E7D4D4 /* BottomBarImageNames.swift in Sources */,
				91C3065E29C6275100D87948 /* AppFileManagerDependency.swift in Sources */,
				91E2DCE329A1288500755125 /* AsyncCameraService.swift in Sources */,
				91A52F75297EFA34007857CE /* VisionPoseDetection.swift in Sources */,
				91442EBF299FF02300F1C501 /* CameraFrameDelegate.swift in Sources */,
				91CBEE682992D3590011DECB /* FrameView.swift in Sources */,
				91C3065A29C6249500D87948 /* AppFileManager.swift in Sources */,
				91A52F5D297EECEC007857CE /* SettingsFeature.swift in Sources */,
				916B08C82A15C9DB007E2FC8 /* SettingsViewStrings.swift in Sources */,
				911C66BB2985940C00E7D4D4 /* AppBottomBar.swift in Sources */,
				91A52F69297EF253007857CE /* MainViewTabEnum.swift in Sources */,
				916B08C52A15C7CC007E2FC8 /* SettingsView_Previews.swift in Sources */,
				91A30A232A0FB3FE0004F4E2 /* AppImageNames.swift in Sources */,
				91E7740529A5292200E44C9D /* StatisticsView.swift in Sources */,
				91C870812AB0C56600267A0A /* PlankPoseEstimation.swift in Sources */,
				91CBEE5E2992C9830011DECB /* CameraPlaybackFeature.swift in Sources */,
				916656C22AADD60800B9CD6D /* FrameGetter.swift in Sources */,
				91D720612A1DA3D90097BD91 /* HUDMessagePriority.swift in Sources */,
				911329AB2A193A6F00BFF5CE /* HUDWindowView.swift in Sources */,
				91442EC1299FF0A000F1C501 /* CallbackTypes.swift in Sources */,
				913059AD298ABF0E004155FD /* PoseDetectorDependency.swift in Sources */,
				919594DF29BCDE5A00BCB5C6 /* FrameView_Previews.swift in Sources */,
				91E773FC29A5282B00E44C9D /* GalleryFeature.swift in Sources */,
				91D854FE2986E39800F82E11 /* CGImagePainter.swift in Sources */,
				916656CB2AADDC2200B9CD6D /* AlertMessage_Preview.swift in Sources */,
				91A52F73297EFA1F007857CE /* PoseDetector.swift in Sources */,
				91CBEE6C2992D5D00011DECB /* CameraConfigurationState.swift in Sources */,
				919594D529BCD6AB00BCB5C6 /* CameraPlaybackView_Previews.swift in Sources */,
				91C8707F2AB0C4F700267A0A /* PoseEstimationService.swift in Sources */,
				91E7740729A5294700E44C9D /* GalleryView.swift in Sources */,
				91E2DCE529A12D6400755125 /* CameraServiceDependency.swift in Sources */,
				919594D929BCD76200BCB5C6 /* PoseDetectionServicePreview.swift in Sources */,
				911329B12A193D6E00BFF5CE /* HUDMessenger.swift in Sources */,
				911329A72A19357E00BFF5CE /* PlankAppSceneDelegate.swift in Sources */,
				91C3066129C6296800D87948 /* SavedVideoFile.swift in Sources */,
				91E7740A29A5370500E44C9D /* GalleryVideoPlayer.swift in Sources */,
				911329BA2A193F3100BFF5CE /* HUDViewModel.swift in Sources */,
				913059B1298AC22A004155FD /* WorkoutView_Previews.swift in Sources */,
				916656C32AADD60800B9CD6D /* MessageBox.swift in Sources */,
				914F72D829B23F850038104E /* AppAVPlayerDependency.swift in Sources */,
				91D854F82986DAE300F82E11 /* PoseJoint.swift in Sources */,
				911C66C729859D4000E7D4D4 /* BottomBarIcon_Previews.swift in Sources */,
				917BD070297EB49100F57E6D /* PlankPoseDetectorApp.swift in Sources */,
				9178EAEE29B506DA00ACC9F8 /* SourceTimerState.swift in Sources */,
				916656C92AADDBB400B9CD6D /* AlertView.swift in Sources */,
				91442EC3299FF74B00F1C501 /* FrameManager.swift in Sources */,
			);
			runOnlyForDeploymentPostprocessing = 0;
		};
/* End PBXSourcesBuildPhase section */

/* Begin XCBuildConfiguration section */
		917BD078297EB49200F57E6D /* Debug */ = {
			isa = XCBuildConfiguration;
			buildSettings = {
				ALWAYS_SEARCH_USER_PATHS = NO;
				CLANG_ANALYZER_NONNULL = YES;
				CLANG_ANALYZER_NUMBER_OBJECT_CONVERSION = YES_AGGRESSIVE;
				CLANG_CXX_LANGUAGE_STANDARD = "gnu++20";
				CLANG_ENABLE_MODULES = YES;
				CLANG_ENABLE_OBJC_ARC = YES;
				CLANG_ENABLE_OBJC_WEAK = YES;
				CLANG_WARN_BLOCK_CAPTURE_AUTORELEASING = YES;
				CLANG_WARN_BOOL_CONVERSION = YES;
				CLANG_WARN_COMMA = YES;
				CLANG_WARN_CONSTANT_CONVERSION = YES;
				CLANG_WARN_DEPRECATED_OBJC_IMPLEMENTATIONS = YES;
				CLANG_WARN_DIRECT_OBJC_ISA_USAGE = YES_ERROR;
				CLANG_WARN_DOCUMENTATION_COMMENTS = YES;
				CLANG_WARN_EMPTY_BODY = YES;
				CLANG_WARN_ENUM_CONVERSION = YES;
				CLANG_WARN_INFINITE_RECURSION = YES;
				CLANG_WARN_INT_CONVERSION = YES;
				CLANG_WARN_NON_LITERAL_NULL_CONVERSION = YES;
				CLANG_WARN_OBJC_IMPLICIT_RETAIN_SELF = YES;
				CLANG_WARN_OBJC_LITERAL_CONVERSION = YES;
				CLANG_WARN_OBJC_ROOT_CLASS = YES_ERROR;
				CLANG_WARN_QUOTED_INCLUDE_IN_FRAMEWORK_HEADER = YES;
				CLANG_WARN_RANGE_LOOP_ANALYSIS = YES;
				CLANG_WARN_STRICT_PROTOTYPES = YES;
				CLANG_WARN_SUSPICIOUS_MOVE = YES;
				CLANG_WARN_UNGUARDED_AVAILABILITY = YES_AGGRESSIVE;
				CLANG_WARN_UNREACHABLE_CODE = YES;
				CLANG_WARN__DUPLICATE_METHOD_MATCH = YES;
				COPY_PHASE_STRIP = NO;
				DEBUG_INFORMATION_FORMAT = dwarf;
				ENABLE_STRICT_OBJC_MSGSEND = YES;
				ENABLE_TESTABILITY = YES;
				GCC_C_LANGUAGE_STANDARD = gnu11;
				GCC_DYNAMIC_NO_PIC = NO;
				GCC_NO_COMMON_BLOCKS = YES;
				GCC_OPTIMIZATION_LEVEL = 0;
				GCC_PREPROCESSOR_DEFINITIONS = (
					"DEBUG=1",
					"$(inherited)",
				);
				GCC_WARN_64_TO_32_BIT_CONVERSION = YES;
				GCC_WARN_ABOUT_RETURN_TYPE = YES_ERROR;
				GCC_WARN_UNDECLARED_SELECTOR = YES;
				GCC_WARN_UNINITIALIZED_AUTOS = YES_AGGRESSIVE;
				GCC_WARN_UNUSED_FUNCTION = YES;
				GCC_WARN_UNUSED_VARIABLE = YES;
				IPHONEOS_DEPLOYMENT_TARGET = 16.2;
				MTL_ENABLE_DEBUG_INFO = INCLUDE_SOURCE;
				MTL_FAST_MATH = YES;
				ONLY_ACTIVE_ARCH = YES;
				SDKROOT = iphoneos;
				SWIFT_ACTIVE_COMPILATION_CONDITIONS = DEBUG;
				SWIFT_OPTIMIZATION_LEVEL = "-Onone";
			};
			name = Debug;
		};
		917BD079297EB49200F57E6D /* Release */ = {
			isa = XCBuildConfiguration;
			buildSettings = {
				ALWAYS_SEARCH_USER_PATHS = NO;
				CLANG_ANALYZER_NONNULL = YES;
				CLANG_ANALYZER_NUMBER_OBJECT_CONVERSION = YES_AGGRESSIVE;
				CLANG_CXX_LANGUAGE_STANDARD = "gnu++20";
				CLANG_ENABLE_MODULES = YES;
				CLANG_ENABLE_OBJC_ARC = YES;
				CLANG_ENABLE_OBJC_WEAK = YES;
				CLANG_WARN_BLOCK_CAPTURE_AUTORELEASING = YES;
				CLANG_WARN_BOOL_CONVERSION = YES;
				CLANG_WARN_COMMA = YES;
				CLANG_WARN_CONSTANT_CONVERSION = YES;
				CLANG_WARN_DEPRECATED_OBJC_IMPLEMENTATIONS = YES;
				CLANG_WARN_DIRECT_OBJC_ISA_USAGE = YES_ERROR;
				CLANG_WARN_DOCUMENTATION_COMMENTS = YES;
				CLANG_WARN_EMPTY_BODY = YES;
				CLANG_WARN_ENUM_CONVERSION = YES;
				CLANG_WARN_INFINITE_RECURSION = YES;
				CLANG_WARN_INT_CONVERSION = YES;
				CLANG_WARN_NON_LITERAL_NULL_CONVERSION = YES;
				CLANG_WARN_OBJC_IMPLICIT_RETAIN_SELF = YES;
				CLANG_WARN_OBJC_LITERAL_CONVERSION = YES;
				CLANG_WARN_OBJC_ROOT_CLASS = YES_ERROR;
				CLANG_WARN_QUOTED_INCLUDE_IN_FRAMEWORK_HEADER = YES;
				CLANG_WARN_RANGE_LOOP_ANALYSIS = YES;
				CLANG_WARN_STRICT_PROTOTYPES = YES;
				CLANG_WARN_SUSPICIOUS_MOVE = YES;
				CLANG_WARN_UNGUARDED_AVAILABILITY = YES_AGGRESSIVE;
				CLANG_WARN_UNREACHABLE_CODE = YES;
				CLANG_WARN__DUPLICATE_METHOD_MATCH = YES;
				COPY_PHASE_STRIP = NO;
				DEBUG_INFORMATION_FORMAT = "dwarf-with-dsym";
				ENABLE_NS_ASSERTIONS = NO;
				ENABLE_STRICT_OBJC_MSGSEND = YES;
				GCC_C_LANGUAGE_STANDARD = gnu11;
				GCC_NO_COMMON_BLOCKS = YES;
				GCC_WARN_64_TO_32_BIT_CONVERSION = YES;
				GCC_WARN_ABOUT_RETURN_TYPE = YES_ERROR;
				GCC_WARN_UNDECLARED_SELECTOR = YES;
				GCC_WARN_UNINITIALIZED_AUTOS = YES_AGGRESSIVE;
				GCC_WARN_UNUSED_FUNCTION = YES;
				GCC_WARN_UNUSED_VARIABLE = YES;
				IPHONEOS_DEPLOYMENT_TARGET = 16.2;
				MTL_ENABLE_DEBUG_INFO = NO;
				MTL_FAST_MATH = YES;
				SDKROOT = iphoneos;
				SWIFT_COMPILATION_MODE = wholemodule;
				SWIFT_OPTIMIZATION_LEVEL = "-O";
				VALIDATE_PRODUCT = YES;
			};
			name = Release;
		};
		917BD07B297EB49200F57E6D /* Debug */ = {
			isa = XCBuildConfiguration;
			buildSettings = {
				ASSETCATALOG_COMPILER_APPICON_NAME = AppIcon;
				ASSETCATALOG_COMPILER_GLOBAL_ACCENT_COLOR_NAME = AccentColor;
				CODE_SIGN_STYLE = Automatic;
				CURRENT_PROJECT_VERSION = 1;
				DEVELOPMENT_ASSET_PATHS = "\"PlankPoseDetector/Preview Content\"";
				DEVELOPMENT_TEAM = ZWXN4J2VCP;
				ENABLE_PREVIEWS = YES;
				GENERATE_INFOPLIST_FILE = YES;
				INFOPLIST_FILE = PlankPoseDetector/Info.plist;
				INFOPLIST_KEY_NSCameraUsageDescription = "Need camera for pose detection";
				INFOPLIST_KEY_UIApplicationSupportsIndirectInputEvents = YES;
				INFOPLIST_KEY_UILaunchScreen_Generation = YES;
				INFOPLIST_KEY_UIStatusBarStyle = "";
				INFOPLIST_KEY_UISupportedInterfaceOrientations = "UIInterfaceOrientationPortrait UIInterfaceOrientationPortraitUpsideDown";
				INFOPLIST_KEY_UISupportedInterfaceOrientations_iPad = "UIInterfaceOrientationLandscapeLeft UIInterfaceOrientationLandscapeRight UIInterfaceOrientationPortrait UIInterfaceOrientationPortraitUpsideDown";
				LD_RUNPATH_SEARCH_PATHS = (
					"$(inherited)",
					"@executable_path/Frameworks",
				);
				MARKETING_VERSION = 1.0;
				PRODUCT_BUNDLE_IDENTIFIER = com.nikolai.PlankPoseDetector;
				PRODUCT_NAME = "$(TARGET_NAME)";
				SUPPORTED_PLATFORMS = "iphoneos iphonesimulator";
				SUPPORTS_MACCATALYST = NO;
				SUPPORTS_MAC_DESIGNED_FOR_IPHONE_IPAD = NO;
				SWIFT_EMIT_LOC_STRINGS = YES;
				SWIFT_VERSION = 5.0;
				TARGETED_DEVICE_FAMILY = 1;
			};
			name = Debug;
		};
		917BD07C297EB49200F57E6D /* Release */ = {
			isa = XCBuildConfiguration;
			buildSettings = {
				ASSETCATALOG_COMPILER_APPICON_NAME = AppIcon;
				ASSETCATALOG_COMPILER_GLOBAL_ACCENT_COLOR_NAME = AccentColor;
				CODE_SIGN_STYLE = Automatic;
				CURRENT_PROJECT_VERSION = 1;
				DEVELOPMENT_ASSET_PATHS = "\"PlankPoseDetector/Preview Content\"";
				DEVELOPMENT_TEAM = ZWXN4J2VCP;
				ENABLE_PREVIEWS = YES;
				GENERATE_INFOPLIST_FILE = YES;
				INFOPLIST_FILE = PlankPoseDetector/Info.plist;
				INFOPLIST_KEY_NSCameraUsageDescription = "Need camera for pose detection";
				INFOPLIST_KEY_UIApplicationSupportsIndirectInputEvents = YES;
				INFOPLIST_KEY_UILaunchScreen_Generation = YES;
				INFOPLIST_KEY_UIStatusBarStyle = "";
				INFOPLIST_KEY_UISupportedInterfaceOrientations = "UIInterfaceOrientationPortrait UIInterfaceOrientationPortraitUpsideDown";
				INFOPLIST_KEY_UISupportedInterfaceOrientations_iPad = "UIInterfaceOrientationLandscapeLeft UIInterfaceOrientationLandscapeRight UIInterfaceOrientationPortrait UIInterfaceOrientationPortraitUpsideDown";
				LD_RUNPATH_SEARCH_PATHS = (
					"$(inherited)",
					"@executable_path/Frameworks",
				);
				MARKETING_VERSION = 1.0;
				PRODUCT_BUNDLE_IDENTIFIER = com.nikolai.PlankPoseDetector;
				PRODUCT_NAME = "$(TARGET_NAME)";
				SUPPORTED_PLATFORMS = "iphoneos iphonesimulator";
				SUPPORTS_MACCATALYST = NO;
				SUPPORTS_MAC_DESIGNED_FOR_IPHONE_IPAD = NO;
				SWIFT_EMIT_LOC_STRINGS = YES;
				SWIFT_VERSION = 5.0;
				TARGETED_DEVICE_FAMILY = 1;
			};
			name = Release;
		};
/* End XCBuildConfiguration section */

/* Begin XCConfigurationList section */
		917BD067297EB49100F57E6D /* Build configuration list for PBXProject "PlankPoseDetector" */ = {
			isa = XCConfigurationList;
			buildConfigurations = (
				917BD078297EB49200F57E6D /* Debug */,
				917BD079297EB49200F57E6D /* Release */,
			);
			defaultConfigurationIsVisible = 0;
			defaultConfigurationName = Release;
		};
		917BD07A297EB49200F57E6D /* Build configuration list for PBXNativeTarget "PlankPoseDetector" */ = {
			isa = XCConfigurationList;
			buildConfigurations = (
				917BD07B297EB49200F57E6D /* Debug */,
				917BD07C297EB49200F57E6D /* Release */,
			);
			defaultConfigurationIsVisible = 0;
			defaultConfigurationName = Release;
		};
/* End XCConfigurationList section */

/* Begin XCRemoteSwiftPackageReference section */
		911C66CC29859ED000E7D4D4 /* XCRemoteSwiftPackageReference "SwiftDeveloperPackage" */ = {
			isa = XCRemoteSwiftPackageReference;
			repositoryURL = "https://github.com/ISSArt-LLC/SwiftDeveloperPackage";
			requirement = {
				branch = main;
				kind = branch;
			};
		};
		91A52F52297EEB31007857CE /* XCRemoteSwiftPackageReference "swift-composable-architecture" */ = {
			isa = XCRemoteSwiftPackageReference;
			repositoryURL = "https://github.com/pointfreeco/swift-composable-architecture";
			requirement = {
				kind = upToNextMajorVersion;
				minimumVersion = 0.52.0;
			};
		};
/* End XCRemoteSwiftPackageReference section */

/* Begin XCSwiftPackageProductDependency section */
		911C66CD29859ED000E7D4D4 /* SwiftDevPackage */ = {
			isa = XCSwiftPackageProductDependency;
			package = 911C66CC29859ED000E7D4D4 /* XCRemoteSwiftPackageReference "SwiftDeveloperPackage" */;
			productName = SwiftDevPackage;
		};
		91A52F53297EEB31007857CE /* ComposableArchitecture */ = {
			isa = XCSwiftPackageProductDependency;
			package = 91A52F52297EEB31007857CE /* XCRemoteSwiftPackageReference "swift-composable-architecture" */;
			productName = ComposableArchitecture;
		};
/* End XCSwiftPackageProductDependency section */
	};
	rootObject = 917BD064297EB49100F57E6D /* Project object */;
}
